// !$*UTF8*$!
{
	archiveVersion = 1;
	classes = {
	};
	objectVersion = 50;
	objects = {

/* Begin PBXBuildFile section */
		3DDEA7CB5850D84A094D9A8B /* Pods_LGResStudyDemo.framework in Frameworks */ = {isa = PBXBuildFile; fileRef = 6372146B7DD222326AE223EF /* Pods_LGResStudyDemo.framework */; };
		BA3B795B2084513700C451DA /* AppDelegate.m in Sources */ = {isa = PBXBuildFile; fileRef = BA3B795A2084513700C451DA /* AppDelegate.m */; };
		BA3B795E2084513800C451DA /* ViewController.m in Sources */ = {isa = PBXBuildFile; fileRef = BA3B795D2084513800C451DA /* ViewController.m */; };
		BA3B79612084513800C451DA /* Main.storyboard in Resources */ = {isa = PBXBuildFile; fileRef = BA3B795F2084513800C451DA /* Main.storyboard */; };
		BA3B79632084513900C451DA /* Assets.xcassets in Resources */ = {isa = PBXBuildFile; fileRef = BA3B79622084513900C451DA /* Assets.xcassets */; };
		BA3B79662084513900C451DA /* LaunchScreen.storyboard in Resources */ = {isa = PBXBuildFile; fileRef = BA3B79642084513900C451DA /* LaunchScreen.storyboard */; };
		BA3B79692084513900C451DA /* main.m in Sources */ = {isa = PBXBuildFile; fileRef = BA3B79682084513900C451DA /* main.m */; };
		BA3B79792084767E00C451DA /* LGResStudy.bundle in Resources */ = {isa = PBXBuildFile; fileRef = BA3B79782084767E00C451DA /* LGResStudy.bundle */; };
		BA3B797C20847D0300C451DA /* RLGResponseModel.m in Sources */ = {isa = PBXBuildFile; fileRef = BA3B797B20847D0300C451DA /* RLGResponseModel.m */; };
		BA3B79A12084856700C451DA /* RLGResModel.m in Sources */ = {isa = PBXBuildFile; fileRef = BA3B79A02084856700C451DA /* RLGResModel.m */; };
		BA3B79A420849F3C00C451DA /* RLGPresenter.m in Sources */ = {isa = PBXBuildFile; fileRef = BA3B79A320849F3C00C451DA /* RLGPresenter.m */; };
		BA3B79A82084A48F00C451DA /* RLGCommon.m in Sources */ = {isa = PBXBuildFile; fileRef = BA3B79A72084A48F00C451DA /* RLGCommon.m */; };
		BA3B79AB2084C20E00C451DA /* RLGHttpClient.m in Sources */ = {isa = PBXBuildFile; fileRef = BA3B79AA2084C20E00C451DA /* RLGHttpClient.m */; };
		BA3B79AE2084C40800C451DA /* RLGHttpPresenter.m in Sources */ = {isa = PBXBuildFile; fileRef = BA3B79AD2084C40800C451DA /* RLGHttpPresenter.m */; };
		BA3B79B12084C8AC00C451DA /* RLGResStudyViewController.m in Sources */ = {isa = PBXBuildFile; fileRef = BA3B79B02084C8AC00C451DA /* RLGResStudyViewController.m */; };
		BA3B79BC2084CC2300C451DA /* RLGActivityIndicatorAnimation.m in Sources */ = {isa = PBXBuildFile; fileRef = BA3B79B82084CC2300C451DA /* RLGActivityIndicatorAnimation.m */; };
		BA3B79BD2084CC2300C451DA /* RLGActivityIndicatorBallPulseAnimation.m in Sources */ = {isa = PBXBuildFile; fileRef = BA3B79BA2084CC2300C451DA /* RLGActivityIndicatorBallPulseAnimation.m */; };
		BA3B79BE2084CC2300C451DA /* RLGActivityIndicatorView.m in Sources */ = {isa = PBXBuildFile; fileRef = BA3B79BB2084CC2300C451DA /* RLGActivityIndicatorView.m */; };
		BA3B79C4208599C300C451DA /* RLGConfig.m in Sources */ = {isa = PBXBuildFile; fileRef = BA3B79C3208599C300C451DA /* RLGConfig.m */; };
		BA3B79C72085A51000C451DA /* RLGResStudyPresenter.m in Sources */ = {isa = PBXBuildFile; fileRef = BA3B79C62085A51000C451DA /* RLGResStudyPresenter.m */; };
		BA3B79CB2085BFCF00C451DA /* RLGTextViewController.m in Sources */ = {isa = PBXBuildFile; fileRef = BA3B79CA2085BFCF00C451DA /* RLGTextViewController.m */; };
		BA3B79D02085F1A000C451DA /* RLGTextView.m in Sources */ = {isa = PBXBuildFile; fileRef = BA3B79CF2085F1A000C451DA /* RLGTextView.m */; };
		BA3B79D62086F42300C451DA /* RLGWordModel.m in Sources */ = {isa = PBXBuildFile; fileRef = BA3B79D52086F42300C451DA /* RLGWordModel.m */; };
		BA3B79DA2086F60A00C451DA /* RLGTextPresenter.m in Sources */ = {isa = PBXBuildFile; fileRef = BA3B79D92086F60A00C451DA /* RLGTextPresenter.m */; };
		BA3B79DD2087138D00C451DA /* RLGTextWordView.m in Sources */ = {isa = PBXBuildFile; fileRef = BA3B79DC2087138D00C451DA /* RLGTextWordView.m */; };
		BA3B79E0208715ED00C451DA /* RLGVoicePlayer.m in Sources */ = {isa = PBXBuildFile; fileRef = BA3B79DF208715ED00C451DA /* RLGVoicePlayer.m */; };
		BA4A263020946A5600B27D0F /* YJBrightnessView.m in Sources */ = {isa = PBXBuildFile; fileRef = BA4A261920946A5600B27D0F /* YJBrightnessView.m */; };
		BA4A263120946A5600B27D0F /* YJPlayerView.m in Sources */ = {isa = PBXBuildFile; fileRef = BA4A261C20946A5600B27D0F /* YJPlayerView.m */; };
		BA4A263220946A5600B27D0F /* YJHeaderView.m in Sources */ = {isa = PBXBuildFile; fileRef = BA4A261F20946A5600B27D0F /* YJHeaderView.m */; };
		BA4A263320946A5600B27D0F /* UITabBarController+YJPlayerRotation.m in Sources */ = {isa = PBXBuildFile; fileRef = BA4A262020946A5600B27D0F /* UITabBarController+YJPlayerRotation.m */; };
		BA4A263420946A5600B27D0F /* YJBasePlayerView.m in Sources */ = {isa = PBXBuildFile; fileRef = BA4A262220946A5600B27D0F /* YJBasePlayerView.m */; };
		BA4A263520946A5600B27D0F /* UIViewController+YJPlayerRotation.m in Sources */ = {isa = PBXBuildFile; fileRef = BA4A262320946A5600B27D0F /* UIViewController+YJPlayerRotation.m */; };
		BA4A263620946A5600B27D0F /* YJPlayStatus.m in Sources */ = {isa = PBXBuildFile; fileRef = BA4A262420946A5600B27D0F /* YJPlayStatus.m */; };
		BA4A263720946A5600B27D0F /* YJPlayModel.m in Sources */ = {isa = PBXBuildFile; fileRef = BA4A262620946A5600B27D0F /* YJPlayModel.m */; };
		BA4A263820946A5600B27D0F /* UINavigationController+YJPlayerRotation.m in Sources */ = {isa = PBXBuildFile; fileRef = BA4A262720946A5600B27D0F /* UINavigationController+YJPlayerRotation.m */; };
		BA4A263920946A5600B27D0F /* YJFooterView.m in Sources */ = {isa = PBXBuildFile; fileRef = BA4A262820946A5600B27D0F /* YJFooterView.m */; };
		BA4A263A20946A5600B27D0F /* YJPlayerView.bundle in Resources */ = {isa = PBXBuildFile; fileRef = BA4A262C20946A5600B27D0F /* YJPlayerView.bundle */; };
		BA4A263B20946A5600B27D0F /* SGPlatform.framework in Frameworks */ = {isa = PBXBuildFile; fileRef = BA4A262E20946A5600B27D0F /* SGPlatform.framework */; };
		BA4A263C20946A5600B27D0F /* SGPlayer.framework in Frameworks */ = {isa = PBXBuildFile; fileRef = BA4A262F20946A5600B27D0F /* SGPlayer.framework */; };
		BA4A263E20946A6C00B27D0F /* CoreMedia.framework in Frameworks */ = {isa = PBXBuildFile; fileRef = BA4A263D20946A6C00B27D0F /* CoreMedia.framework */; };
		BA4A263F20946A7900B27D0F /* AudioToolbox.framework in Frameworks */ = {isa = PBXBuildFile; fileRef = BAC35A52208E02520040B251 /* AudioToolbox.framework */; };
		BA4A264120946A8600B27D0F /* VideoToolbox.framework in Frameworks */ = {isa = PBXBuildFile; fileRef = BA4A264020946A8600B27D0F /* VideoToolbox.framework */; };
		BA4A264320946A9100B27D0F /* libiconv.tbd in Frameworks */ = {isa = PBXBuildFile; fileRef = BA4A264220946A9100B27D0F /* libiconv.tbd */; };
		BA4A264520946A9B00B27D0F /* libbz2.tbd in Frameworks */ = {isa = PBXBuildFile; fileRef = BA4A264420946A9B00B27D0F /* libbz2.tbd */; };
		BA4A264720946AA300B27D0F /* libz.tbd in Frameworks */ = {isa = PBXBuildFile; fileRef = BA4A264620946AA300B27D0F /* libz.tbd */; };
		BA4A264E20946E6500B27D0F /* RLGVideoViewController.m in Sources */ = {isa = PBXBuildFile; fileRef = BA4A264D20946E6500B27D0F /* RLGVideoViewController.m */; };
		BA4A26542094712700B27D0F /* YJDynamicSegment.m in Sources */ = {isa = PBXBuildFile; fileRef = BA4A26512094712700B27D0F /* YJDynamicSegment.m */; };
		BA4A26552094712700B27D0F /* YJSegmentItem.m in Sources */ = {isa = PBXBuildFile; fileRef = BA4A26532094712700B27D0F /* YJSegmentItem.m */; };
		BA4A2658209473D900B27D0F /* RLGImportantTextViewController.m in Sources */ = {isa = PBXBuildFile; fileRef = BA4A2657209473D900B27D0F /* RLGImportantTextViewController.m */; };
		BA4A265B2094740E00B27D0F /* RLGVideoSubtitleViewController.m in Sources */ = {isa = PBXBuildFile; fileRef = BA4A265A2094740E00B27D0F /* RLGVideoSubtitleViewController.m */; };
		BA4A265E2094746100B27D0F /* RLGVideoDubMainViewController.m in Sources */ = {isa = PBXBuildFile; fileRef = BA4A265D2094746100B27D0F /* RLGVideoDubMainViewController.m */; };
		BA4A26612094747A00B27D0F /* RLGVideoDubViewController.m in Sources */ = {isa = PBXBuildFile; fileRef = BA4A26602094747A00B27D0F /* RLGVideoDubViewController.m */; };
		BA50446C2092FB1F00F9CC25 /* RLGSpeechEngine.m in Sources */ = {isa = PBXBuildFile; fileRef = BA50446A2092FB1F00F9CC25 /* RLGSpeechEngine.m */; };
		BA504480209311CF00F9CC25 /* RLGVoiceRecordViewController.m in Sources */ = {isa = PBXBuildFile; fileRef = BA50447F209311CF00F9CC25 /* RLGVoiceRecordViewController.m */; };
		BA504483209315D400F9CC25 /* RLGVoiceRecordOperateView.m in Sources */ = {isa = PBXBuildFile; fileRef = BA504482209315D400F9CC25 /* RLGVoiceRecordOperateView.m */; };
		BA50448620931C3000F9CC25 /* RLGVoiceRecordTable.m in Sources */ = {isa = PBXBuildFile; fileRef = BA50448520931C3000F9CC25 /* RLGVoiceRecordTable.m */; };
		BA69747720A0381E002BCDA0 /* KYTestConfig.m in Sources */ = {isa = PBXBuildFile; fileRef = BA69746720A0381D002BCDA0 /* KYTestConfig.m */; };
		BA69747820A0381E002BCDA0 /* KYStartEngineConfig.m in Sources */ = {isa = PBXBuildFile; fileRef = BA69746820A0381D002BCDA0 /* KYStartEngineConfig.m */; };
		BA69747920A0381E002BCDA0 /* KYTestEngine.m in Sources */ = {isa = PBXBuildFile; fileRef = BA69746920A0381D002BCDA0 /* KYTestEngine.m */; };
		BA69747A20A0381E002BCDA0 /* KYPlayer.m in Sources */ = {isa = PBXBuildFile; fileRef = BA69746E20A0381E002BCDA0 /* KYPlayer.m */; };
		BA69747B20A0381E002BCDA0 /* KYRecorder.m in Sources */ = {isa = PBXBuildFile; fileRef = BA69747220A0381E002BCDA0 /* KYRecorder.m */; };
		BA69747C20A0381E002BCDA0 /* skegn.provision in Resources */ = {isa = PBXBuildFile; fileRef = BA69747420A0381E002BCDA0 /* skegn.provision */; };
		BA69747D20A0381E002BCDA0 /* libskegn-0-ios-1.0.11-20180122114347.a in Frameworks */ = {isa = PBXBuildFile; fileRef = BA69747520A0381E002BCDA0 /* libskegn-0-ios-1.0.11-20180122114347.a */; };
		BA8F1D0C209055BF009B6CDD /* RLGVoiceViewController.m in Sources */ = {isa = PBXBuildFile; fileRef = BA8F1D0B209055BF009B6CDD /* RLGVoiceViewController.m */; };
		BA8F1D0F2090568B009B6CDD /* RLGVoiceTable.m in Sources */ = {isa = PBXBuildFile; fileRef = BA8F1D0E2090568B009B6CDD /* RLGVoiceTable.m */; };
		BA8F1D122090577C009B6CDD /* RLGVoiceTableCell.m in Sources */ = {isa = PBXBuildFile; fileRef = BA8F1D112090577C009B6CDD /* RLGVoiceTableCell.m */; };
		BA8F1D1520905D4D009B6CDD /* RLGVoiceTableHeader.m in Sources */ = {isa = PBXBuildFile; fileRef = BA8F1D1420905D4D009B6CDD /* RLGVoiceTableHeader.m */; };
		BA8F1D182090601B009B6CDD /* RLGVoiceOperateView.m in Sources */ = {isa = PBXBuildFile; fileRef = BA8F1D172090601B009B6CDD /* RLGVoiceOperateView.m */; };
		BA8F1D1E2090787F009B6CDD /* RLGTapTableView.m in Sources */ = {isa = PBXBuildFile; fileRef = BA8F1D1D2090787F009B6CDD /* RLGTapTableView.m */; };
		BA8F1D212091A907009B6CDD /* RLGSpeechTipView.m in Sources */ = {isa = PBXBuildFile; fileRef = BA8F1D202091A907009B6CDD /* RLGSpeechTipView.m */; };
		BAC35A51208E02420040B251 /* libz.1.tbd in Frameworks */ = {isa = PBXBuildFile; fileRef = BAC35A50208E02420040B251 /* libz.1.tbd */; };
		BAC35A83208F18FD0040B251 /* SystemConfiguration.framework in Frameworks */ = {isa = PBXBuildFile; fileRef = BAC35A56208E02740040B251 /* SystemConfiguration.framework */; };
		BAC35A84208F191E0040B251 /* Accelerate.framework in Frameworks */ = {isa = PBXBuildFile; fileRef = BAC35A5A208E028D0040B251 /* Accelerate.framework */; };
		BAC35A87208F2B640040B251 /* TestEngineViewController.m in Sources */ = {isa = PBXBuildFile; fileRef = BAC35A86208F2B640040B251 /* TestEngineViewController.m */; };
		BAC35A89208F54060040B251 /* TestEngineViewController.xib in Resources */ = {isa = PBXBuildFile; fileRef = BAC35A88208F54060040B251 /* TestEngineViewController.xib */; };
		BAC9F189208CB04300E2EB0B /* RLGWordViewController.m in Sources */ = {isa = PBXBuildFile; fileRef = BAC9F188208CB04300E2EB0B /* RLGWordViewController.m */; };
		BAC9F18C208CB11C00E2EB0B /* RLGWordHeaderView.m in Sources */ = {isa = PBXBuildFile; fileRef = BAC9F18B208CB11C00E2EB0B /* RLGWordHeaderView.m */; };
		BAC9F18F208CB3B200E2EB0B /* RLGWordCell.m in Sources */ = {isa = PBXBuildFile; fileRef = BAC9F18E208CB3B200E2EB0B /* RLGWordCell.m */; };
		BAC9F192208CC39300E2EB0B /* RLGBaseViewController.m in Sources */ = {isa = PBXBuildFile; fileRef = BAC9F191208CC39300E2EB0B /* RLGBaseViewController.m */; };
		BAD9D8E6209956F9003C0F55 /* RLGKnowledgeFlowLayout.m in Sources */ = {isa = PBXBuildFile; fileRef = BAD9D8E4209956F9003C0F55 /* RLGKnowledgeFlowLayout.m */; };
		BAD9D8E92099592D003C0F55 /* RLGFlowLabelCell.m in Sources */ = {isa = PBXBuildFile; fileRef = BAD9D8E72099592D003C0F55 /* RLGFlowLabelCell.m */; };
		BAD9D8EC2099A0C7003C0F55 /* RLGVideoDubMainTable.m in Sources */ = {isa = PBXBuildFile; fileRef = BAD9D8EB2099A0C7003C0F55 /* RLGVideoDubMainTable.m */; };
		BAD9D8EF2099C0FE003C0F55 /* RLGVideoDubOperateView.m in Sources */ = {isa = PBXBuildFile; fileRef = BAD9D8EE2099C0FE003C0F55 /* RLGVideoDubOperateView.m */; };
		BAD9D8F22099C363003C0F55 /* RLGVideoDubView.m in Sources */ = {isa = PBXBuildFile; fileRef = BAD9D8F12099C363003C0F55 /* RLGVideoDubView.m */; };
		BAF4639F20888E6B00B386BD /* RLGStudyOperateView.m in Sources */ = {isa = PBXBuildFile; fileRef = BAF4639E20888E6B00B386BD /* RLGStudyOperateView.m */; };
		BAF463A220888F3C00B386BD /* RLGTipButton.m in Sources */ = {isa = PBXBuildFile; fileRef = BAF463A120888F3C00B386BD /* RLGTipButton.m */; };
		BAF463A82088941500B386BD /* RLGTextOperateView.m in Sources */ = {isa = PBXBuildFile; fileRef = BAF463A72088941500B386BD /* RLGTextOperateView.m */; };
		BAF463AB2088BBAC00B386BD /* RLGRecordListView.m in Sources */ = {isa = PBXBuildFile; fileRef = BAF463AA2088BBAC00B386BD /* RLGRecordListView.m */; };
		BAF463AE2088BBCC00B386BD /* RLGImportantWordView.m in Sources */ = {isa = PBXBuildFile; fileRef = BAF463AD2088BBCC00B386BD /* RLGImportantWordView.m */; };
		BAF463B12089DB1100B386BD /* RLGTouchView.m in Sources */ = {isa = PBXBuildFile; fileRef = BAF463B02089DB1100B386BD /* RLGTouchView.m */; };
		BAF463B42089DFD000B386BD /* RLGPopupMenu.m in Sources */ = {isa = PBXBuildFile; fileRef = BAF463B32089DFD000B386BD /* RLGPopupMenu.m */; };
		BAFBF66F2088282500EC3FCA /* RLGAudioRecorder.m in Sources */ = {isa = PBXBuildFile; fileRef = BAFBF66E2088282500EC3FCA /* RLGAudioRecorder.m */; };
		BAFBF67220884B2100EC3FCA /* RLGWeakTimer.m in Sources */ = {isa = PBXBuildFile; fileRef = BAFBF67020884B2000EC3FCA /* RLGWeakTimer.m */; };
/* End PBXBuildFile section */

/* Begin PBXFileReference section */
		5248442404FB1B3D9BD6DD7F /* Pods-LGResStudyDemo.debug.xcconfig */ = {isa = PBXFileReference; includeInIndex = 1; lastKnownFileType = text.xcconfig; name = "Pods-LGResStudyDemo.debug.xcconfig"; path = "Pods/Target Support Files/Pods-LGResStudyDemo/Pods-LGResStudyDemo.debug.xcconfig"; sourceTree = "<group>"; };
		6372146B7DD222326AE223EF /* Pods_LGResStudyDemo.framework */ = {isa = PBXFileReference; explicitFileType = wrapper.framework; includeInIndex = 0; path = Pods_LGResStudyDemo.framework; sourceTree = BUILT_PRODUCTS_DIR; };
		BA3B79562084513700C451DA /* LGResStudyDemo.app */ = {isa = PBXFileReference; explicitFileType = wrapper.application; includeInIndex = 0; path = LGResStudyDemo.app; sourceTree = BUILT_PRODUCTS_DIR; };
		BA3B79592084513700C451DA /* AppDelegate.h */ = {isa = PBXFileReference; lastKnownFileType = sourcecode.c.h; path = AppDelegate.h; sourceTree = "<group>"; };
		BA3B795A2084513700C451DA /* AppDelegate.m */ = {isa = PBXFileReference; lastKnownFileType = sourcecode.c.objc; path = AppDelegate.m; sourceTree = "<group>"; };
		BA3B795C2084513700C451DA /* ViewController.h */ = {isa = PBXFileReference; lastKnownFileType = sourcecode.c.h; path = ViewController.h; sourceTree = "<group>"; };
		BA3B795D2084513800C451DA /* ViewController.m */ = {isa = PBXFileReference; lastKnownFileType = sourcecode.c.objc; path = ViewController.m; sourceTree = "<group>"; };
		BA3B79602084513800C451DA /* Base */ = {isa = PBXFileReference; lastKnownFileType = file.storyboard; name = Base; path = Base.lproj/Main.storyboard; sourceTree = "<group>"; };
		BA3B79622084513900C451DA /* Assets.xcassets */ = {isa = PBXFileReference; lastKnownFileType = folder.assetcatalog; path = Assets.xcassets; sourceTree = "<group>"; };
		BA3B79652084513900C451DA /* Base */ = {isa = PBXFileReference; lastKnownFileType = file.storyboard; name = Base; path = Base.lproj/LaunchScreen.storyboard; sourceTree = "<group>"; };
		BA3B79672084513900C451DA /* Info.plist */ = {isa = PBXFileReference; lastKnownFileType = text.plist.xml; path = Info.plist; sourceTree = "<group>"; };
		BA3B79682084513900C451DA /* main.m */ = {isa = PBXFileReference; lastKnownFileType = sourcecode.c.objc; path = main.m; sourceTree = "<group>"; };
		BA3B79742084753700C451DA /* LGResStudy.h */ = {isa = PBXFileReference; lastKnownFileType = sourcecode.c.h; path = LGResStudy.h; sourceTree = "<group>"; };
		BA3B79782084767E00C451DA /* LGResStudy.bundle */ = {isa = PBXFileReference; lastKnownFileType = "wrapper.plug-in"; name = LGResStudy.bundle; path = LGResStudy/LGResStudy.bundle; sourceTree = SOURCE_ROOT; };
		BA3B797A20847D0300C451DA /* RLGResponseModel.h */ = {isa = PBXFileReference; lastKnownFileType = sourcecode.c.h; path = RLGResponseModel.h; sourceTree = "<group>"; };
		BA3B797B20847D0300C451DA /* RLGResponseModel.m */ = {isa = PBXFileReference; lastKnownFileType = sourcecode.c.objc; path = RLGResponseModel.m; sourceTree = "<group>"; };
		BA3B799F2084856700C451DA /* RLGResModel.h */ = {isa = PBXFileReference; lastKnownFileType = sourcecode.c.h; path = RLGResModel.h; sourceTree = "<group>"; };
		BA3B79A02084856700C451DA /* RLGResModel.m */ = {isa = PBXFileReference; lastKnownFileType = sourcecode.c.objc; path = RLGResModel.m; sourceTree = "<group>"; };
		BA3B79A220849F3C00C451DA /* RLGPresenter.h */ = {isa = PBXFileReference; lastKnownFileType = sourcecode.c.h; path = RLGPresenter.h; sourceTree = "<group>"; };
		BA3B79A320849F3C00C451DA /* RLGPresenter.m */ = {isa = PBXFileReference; lastKnownFileType = sourcecode.c.objc; path = RLGPresenter.m; sourceTree = "<group>"; };
		BA3B79A52084A3C300C451DA /* RLGHttpResponseProtocol.h */ = {isa = PBXFileReference; fileEncoding = 4; lastKnownFileType = sourcecode.c.h; path = RLGHttpResponseProtocol.h; sourceTree = "<group>"; };
		BA3B79A62084A48E00C451DA /* RLGCommon.h */ = {isa = PBXFileReference; fileEncoding = 4; lastKnownFileType = sourcecode.c.h; path = RLGCommon.h; sourceTree = "<group>"; };
		BA3B79A72084A48F00C451DA /* RLGCommon.m */ = {isa = PBXFileReference; fileEncoding = 4; lastKnownFileType = sourcecode.c.objc; path = RLGCommon.m; sourceTree = "<group>"; };
		BA3B79A92084C20E00C451DA /* RLGHttpClient.h */ = {isa = PBXFileReference; fileEncoding = 4; lastKnownFileType = sourcecode.c.h; path = RLGHttpClient.h; sourceTree = "<group>"; };
		BA3B79AA2084C20E00C451DA /* RLGHttpClient.m */ = {isa = PBXFileReference; fileEncoding = 4; lastKnownFileType = sourcecode.c.objc; path = RLGHttpClient.m; sourceTree = "<group>"; };
		BA3B79AC2084C40800C451DA /* RLGHttpPresenter.h */ = {isa = PBXFileReference; fileEncoding = 4; lastKnownFileType = sourcecode.c.h; path = RLGHttpPresenter.h; sourceTree = "<group>"; };
		BA3B79AD2084C40800C451DA /* RLGHttpPresenter.m */ = {isa = PBXFileReference; fileEncoding = 4; lastKnownFileType = sourcecode.c.objc; path = RLGHttpPresenter.m; sourceTree = "<group>"; };
		BA3B79AF2084C8AC00C451DA /* RLGResStudyViewController.h */ = {isa = PBXFileReference; lastKnownFileType = sourcecode.c.h; path = RLGResStudyViewController.h; sourceTree = "<group>"; };
		BA3B79B02084C8AC00C451DA /* RLGResStudyViewController.m */ = {isa = PBXFileReference; lastKnownFileType = sourcecode.c.objc; path = RLGResStudyViewController.m; sourceTree = "<group>"; };
		BA3B79B42084CC2300C451DA /* RLGActivityIndicatorAnimationProtocol.h */ = {isa = PBXFileReference; fileEncoding = 4; lastKnownFileType = sourcecode.c.h; path = RLGActivityIndicatorAnimationProtocol.h; sourceTree = "<group>"; };
		BA3B79B52084CC2300C451DA /* RLGActivityIndicatorView.h */ = {isa = PBXFileReference; fileEncoding = 4; lastKnownFileType = sourcecode.c.h; path = RLGActivityIndicatorView.h; sourceTree = "<group>"; };
		BA3B79B72084CC2300C451DA /* RLGActivityIndicatorBallPulseAnimation.h */ = {isa = PBXFileReference; fileEncoding = 4; lastKnownFileType = sourcecode.c.h; path = RLGActivityIndicatorBallPulseAnimation.h; sourceTree = "<group>"; };
		BA3B79B82084CC2300C451DA /* RLGActivityIndicatorAnimation.m */ = {isa = PBXFileReference; fileEncoding = 4; lastKnownFileType = sourcecode.c.objc; path = RLGActivityIndicatorAnimation.m; sourceTree = "<group>"; };
		BA3B79B92084CC2300C451DA /* RLGActivityIndicatorAnimation.h */ = {isa = PBXFileReference; fileEncoding = 4; lastKnownFileType = sourcecode.c.h; path = RLGActivityIndicatorAnimation.h; sourceTree = "<group>"; };
		BA3B79BA2084CC2300C451DA /* RLGActivityIndicatorBallPulseAnimation.m */ = {isa = PBXFileReference; fileEncoding = 4; lastKnownFileType = sourcecode.c.objc; path = RLGActivityIndicatorBallPulseAnimation.m; sourceTree = "<group>"; };
		BA3B79BB2084CC2300C451DA /* RLGActivityIndicatorView.m */ = {isa = PBXFileReference; fileEncoding = 4; lastKnownFileType = sourcecode.c.objc; path = RLGActivityIndicatorView.m; sourceTree = "<group>"; };
		BA3B79C2208599C300C451DA /* RLGConfig.h */ = {isa = PBXFileReference; lastKnownFileType = sourcecode.c.h; path = RLGConfig.h; sourceTree = "<group>"; };
		BA3B79C3208599C300C451DA /* RLGConfig.m */ = {isa = PBXFileReference; lastKnownFileType = sourcecode.c.objc; path = RLGConfig.m; sourceTree = "<group>"; };
		BA3B79C52085A51000C451DA /* RLGResStudyPresenter.h */ = {isa = PBXFileReference; lastKnownFileType = sourcecode.c.h; path = RLGResStudyPresenter.h; sourceTree = "<group>"; };
		BA3B79C62085A51000C451DA /* RLGResStudyPresenter.m */ = {isa = PBXFileReference; lastKnownFileType = sourcecode.c.objc; path = RLGResStudyPresenter.m; sourceTree = "<group>"; };
		BA3B79C92085BFCF00C451DA /* RLGTextViewController.h */ = {isa = PBXFileReference; lastKnownFileType = sourcecode.c.h; path = RLGTextViewController.h; sourceTree = "<group>"; };
		BA3B79CA2085BFCF00C451DA /* RLGTextViewController.m */ = {isa = PBXFileReference; lastKnownFileType = sourcecode.c.objc; path = RLGTextViewController.m; sourceTree = "<group>"; };
		BA3B79CC2085C56400C451DA /* RLGViewTransferProtocol.h */ = {isa = PBXFileReference; fileEncoding = 4; lastKnownFileType = sourcecode.c.h; path = RLGViewTransferProtocol.h; sourceTree = "<group>"; };
		BA3B79CE2085F1A000C451DA /* RLGTextView.h */ = {isa = PBXFileReference; lastKnownFileType = sourcecode.c.h; path = RLGTextView.h; sourceTree = "<group>"; };
		BA3B79CF2085F1A000C451DA /* RLGTextView.m */ = {isa = PBXFileReference; lastKnownFileType = sourcecode.c.objc; path = RLGTextView.m; sourceTree = "<group>"; };
		BA3B79D42086F42200C451DA /* RLGWordModel.h */ = {isa = PBXFileReference; fileEncoding = 4; lastKnownFileType = sourcecode.c.h; path = RLGWordModel.h; sourceTree = "<group>"; };
		BA3B79D52086F42300C451DA /* RLGWordModel.m */ = {isa = PBXFileReference; fileEncoding = 4; lastKnownFileType = sourcecode.c.objc; path = RLGWordModel.m; sourceTree = "<group>"; };
		BA3B79D82086F60A00C451DA /* RLGTextPresenter.h */ = {isa = PBXFileReference; lastKnownFileType = sourcecode.c.h; path = RLGTextPresenter.h; sourceTree = "<group>"; };
		BA3B79D92086F60A00C451DA /* RLGTextPresenter.m */ = {isa = PBXFileReference; lastKnownFileType = sourcecode.c.objc; path = RLGTextPresenter.m; sourceTree = "<group>"; };
		BA3B79DB2087138D00C451DA /* RLGTextWordView.h */ = {isa = PBXFileReference; lastKnownFileType = sourcecode.c.h; path = RLGTextWordView.h; sourceTree = "<group>"; };
		BA3B79DC2087138D00C451DA /* RLGTextWordView.m */ = {isa = PBXFileReference; lastKnownFileType = sourcecode.c.objc; path = RLGTextWordView.m; sourceTree = "<group>"; };
		BA3B79DE208715ED00C451DA /* RLGVoicePlayer.h */ = {isa = PBXFileReference; lastKnownFileType = sourcecode.c.h; path = RLGVoicePlayer.h; sourceTree = "<group>"; };
		BA3B79DF208715ED00C451DA /* RLGVoicePlayer.m */ = {isa = PBXFileReference; lastKnownFileType = sourcecode.c.objc; path = RLGVoicePlayer.m; sourceTree = "<group>"; };
		BA4A261720946A5600B27D0F /* UIViewController+YJPlayerRotation.h */ = {isa = PBXFileReference; fileEncoding = 4; lastKnownFileType = sourcecode.c.h; path = "UIViewController+YJPlayerRotation.h"; sourceTree = "<group>"; };
		BA4A261820946A5600B27D0F /* YJBasePlayerView.h */ = {isa = PBXFileReference; fileEncoding = 4; lastKnownFileType = sourcecode.c.h; path = YJBasePlayerView.h; sourceTree = "<group>"; };
		BA4A261920946A5600B27D0F /* YJBrightnessView.m */ = {isa = PBXFileReference; fileEncoding = 4; lastKnownFileType = sourcecode.c.objc; path = YJBrightnessView.m; sourceTree = "<group>"; };
		BA4A261A20946A5600B27D0F /* YJPlayModel.h */ = {isa = PBXFileReference; fileEncoding = 4; lastKnownFileType = sourcecode.c.h; path = YJPlayModel.h; sourceTree = "<group>"; };
		BA4A261B20946A5600B27D0F /* UINavigationController+YJPlayerRotation.h */ = {isa = PBXFileReference; fileEncoding = 4; lastKnownFileType = sourcecode.c.h; path = "UINavigationController+YJPlayerRotation.h"; sourceTree = "<group>"; };
		BA4A261C20946A5600B27D0F /* YJPlayerView.m */ = {isa = PBXFileReference; fileEncoding = 4; lastKnownFileType = sourcecode.c.objc; path = YJPlayerView.m; sourceTree = "<group>"; };
		BA4A261D20946A5600B27D0F /* YJPlayStatus.h */ = {isa = PBXFileReference; fileEncoding = 4; lastKnownFileType = sourcecode.c.h; path = YJPlayStatus.h; sourceTree = "<group>"; };
		BA4A261E20946A5600B27D0F /* YJFooterView.h */ = {isa = PBXFileReference; fileEncoding = 4; lastKnownFileType = sourcecode.c.h; path = YJFooterView.h; sourceTree = "<group>"; };
		BA4A261F20946A5600B27D0F /* YJHeaderView.m */ = {isa = PBXFileReference; fileEncoding = 4; lastKnownFileType = sourcecode.c.objc; path = YJHeaderView.m; sourceTree = "<group>"; };
		BA4A262020946A5600B27D0F /* UITabBarController+YJPlayerRotation.m */ = {isa = PBXFileReference; fileEncoding = 4; lastKnownFileType = sourcecode.c.objc; path = "UITabBarController+YJPlayerRotation.m"; sourceTree = "<group>"; };
		BA4A262120946A5600B27D0F /* YJBrightnessView.h */ = {isa = PBXFileReference; fileEncoding = 4; lastKnownFileType = sourcecode.c.h; path = YJBrightnessView.h; sourceTree = "<group>"; };
		BA4A262220946A5600B27D0F /* YJBasePlayerView.m */ = {isa = PBXFileReference; fileEncoding = 4; lastKnownFileType = sourcecode.c.objc; path = YJBasePlayerView.m; sourceTree = "<group>"; };
		BA4A262320946A5600B27D0F /* UIViewController+YJPlayerRotation.m */ = {isa = PBXFileReference; fileEncoding = 4; lastKnownFileType = sourcecode.c.objc; path = "UIViewController+YJPlayerRotation.m"; sourceTree = "<group>"; };
		BA4A262420946A5600B27D0F /* YJPlayStatus.m */ = {isa = PBXFileReference; fileEncoding = 4; lastKnownFileType = sourcecode.c.objc; path = YJPlayStatus.m; sourceTree = "<group>"; };
		BA4A262520946A5600B27D0F /* YJPlayerView.h */ = {isa = PBXFileReference; fileEncoding = 4; lastKnownFileType = sourcecode.c.h; path = YJPlayerView.h; sourceTree = "<group>"; };
		BA4A262620946A5600B27D0F /* YJPlayModel.m */ = {isa = PBXFileReference; fileEncoding = 4; lastKnownFileType = sourcecode.c.objc; path = YJPlayModel.m; sourceTree = "<group>"; };
		BA4A262720946A5600B27D0F /* UINavigationController+YJPlayerRotation.m */ = {isa = PBXFileReference; fileEncoding = 4; lastKnownFileType = sourcecode.c.objc; path = "UINavigationController+YJPlayerRotation.m"; sourceTree = "<group>"; };
		BA4A262820946A5600B27D0F /* YJFooterView.m */ = {isa = PBXFileReference; fileEncoding = 4; lastKnownFileType = sourcecode.c.objc; path = YJFooterView.m; sourceTree = "<group>"; };
		BA4A262920946A5600B27D0F /* UITabBarController+YJPlayerRotation.h */ = {isa = PBXFileReference; fileEncoding = 4; lastKnownFileType = sourcecode.c.h; path = "UITabBarController+YJPlayerRotation.h"; sourceTree = "<group>"; };
		BA4A262A20946A5600B27D0F /* YJHeaderView.h */ = {isa = PBXFileReference; fileEncoding = 4; lastKnownFileType = sourcecode.c.h; path = YJHeaderView.h; sourceTree = "<group>"; };
		BA4A262C20946A5600B27D0F /* YJPlayerView.bundle */ = {isa = PBXFileReference; lastKnownFileType = "wrapper.plug-in"; path = YJPlayerView.bundle; sourceTree = "<group>"; };
		BA4A262E20946A5600B27D0F /* SGPlatform.framework */ = {isa = PBXFileReference; lastKnownFileType = wrapper.framework; path = SGPlatform.framework; sourceTree = "<group>"; };
		BA4A262F20946A5600B27D0F /* SGPlayer.framework */ = {isa = PBXFileReference; lastKnownFileType = wrapper.framework; path = SGPlayer.framework; sourceTree = "<group>"; };
		BA4A263D20946A6C00B27D0F /* CoreMedia.framework */ = {isa = PBXFileReference; lastKnownFileType = wrapper.framework; name = CoreMedia.framework; path = System/Library/Frameworks/CoreMedia.framework; sourceTree = SDKROOT; };
		BA4A264020946A8600B27D0F /* VideoToolbox.framework */ = {isa = PBXFileReference; lastKnownFileType = wrapper.framework; name = VideoToolbox.framework; path = System/Library/Frameworks/VideoToolbox.framework; sourceTree = SDKROOT; };
		BA4A264220946A9100B27D0F /* libiconv.tbd */ = {isa = PBXFileReference; lastKnownFileType = "sourcecode.text-based-dylib-definition"; name = libiconv.tbd; path = usr/lib/libiconv.tbd; sourceTree = SDKROOT; };
		BA4A264420946A9B00B27D0F /* libbz2.tbd */ = {isa = PBXFileReference; lastKnownFileType = "sourcecode.text-based-dylib-definition"; name = libbz2.tbd; path = usr/lib/libbz2.tbd; sourceTree = SDKROOT; };
		BA4A264620946AA300B27D0F /* libz.tbd */ = {isa = PBXFileReference; lastKnownFileType = "sourcecode.text-based-dylib-definition"; name = libz.tbd; path = usr/lib/libz.tbd; sourceTree = SDKROOT; };
		BA4A264C20946E6500B27D0F /* RLGVideoViewController.h */ = {isa = PBXFileReference; lastKnownFileType = sourcecode.c.h; path = RLGVideoViewController.h; sourceTree = "<group>"; };
		BA4A264D20946E6500B27D0F /* RLGVideoViewController.m */ = {isa = PBXFileReference; lastKnownFileType = sourcecode.c.objc; path = RLGVideoViewController.m; sourceTree = "<group>"; };
		BA4A26502094712700B27D0F /* YJDynamicSegment.h */ = {isa = PBXFileReference; fileEncoding = 4; lastKnownFileType = sourcecode.c.h; path = YJDynamicSegment.h; sourceTree = "<group>"; };
		BA4A26512094712700B27D0F /* YJDynamicSegment.m */ = {isa = PBXFileReference; fileEncoding = 4; lastKnownFileType = sourcecode.c.objc; path = YJDynamicSegment.m; sourceTree = "<group>"; };
		BA4A26522094712700B27D0F /* YJSegmentItem.h */ = {isa = PBXFileReference; fileEncoding = 4; lastKnownFileType = sourcecode.c.h; path = YJSegmentItem.h; sourceTree = "<group>"; };
		BA4A26532094712700B27D0F /* YJSegmentItem.m */ = {isa = PBXFileReference; fileEncoding = 4; lastKnownFileType = sourcecode.c.objc; path = YJSegmentItem.m; sourceTree = "<group>"; };
		BA4A2656209473D900B27D0F /* RLGImportantTextViewController.h */ = {isa = PBXFileReference; lastKnownFileType = sourcecode.c.h; path = RLGImportantTextViewController.h; sourceTree = "<group>"; };
		BA4A2657209473D900B27D0F /* RLGImportantTextViewController.m */ = {isa = PBXFileReference; lastKnownFileType = sourcecode.c.objc; path = RLGImportantTextViewController.m; sourceTree = "<group>"; };
		BA4A26592094740E00B27D0F /* RLGVideoSubtitleViewController.h */ = {isa = PBXFileReference; lastKnownFileType = sourcecode.c.h; path = RLGVideoSubtitleViewController.h; sourceTree = "<group>"; };
		BA4A265A2094740E00B27D0F /* RLGVideoSubtitleViewController.m */ = {isa = PBXFileReference; lastKnownFileType = sourcecode.c.objc; path = RLGVideoSubtitleViewController.m; sourceTree = "<group>"; };
		BA4A265C2094746100B27D0F /* RLGVideoDubMainViewController.h */ = {isa = PBXFileReference; lastKnownFileType = sourcecode.c.h; path = RLGVideoDubMainViewController.h; sourceTree = "<group>"; };
		BA4A265D2094746100B27D0F /* RLGVideoDubMainViewController.m */ = {isa = PBXFileReference; lastKnownFileType = sourcecode.c.objc; path = RLGVideoDubMainViewController.m; sourceTree = "<group>"; };
		BA4A265F2094747A00B27D0F /* RLGVideoDubViewController.h */ = {isa = PBXFileReference; lastKnownFileType = sourcecode.c.h; path = RLGVideoDubViewController.h; sourceTree = "<group>"; };
		BA4A26602094747A00B27D0F /* RLGVideoDubViewController.m */ = {isa = PBXFileReference; lastKnownFileType = sourcecode.c.objc; path = RLGVideoDubViewController.m; sourceTree = "<group>"; };
		BA50446A2092FB1F00F9CC25 /* RLGSpeechEngine.m */ = {isa = PBXFileReference; fileEncoding = 4; lastKnownFileType = sourcecode.c.objc; path = RLGSpeechEngine.m; sourceTree = "<group>"; };
		BA50446B2092FB1F00F9CC25 /* RLGSpeechEngine.h */ = {isa = PBXFileReference; fileEncoding = 4; lastKnownFileType = sourcecode.c.h; path = RLGSpeechEngine.h; sourceTree = "<group>"; };
		BA50447E209311CF00F9CC25 /* RLGVoiceRecordViewController.h */ = {isa = PBXFileReference; lastKnownFileType = sourcecode.c.h; path = RLGVoiceRecordViewController.h; sourceTree = "<group>"; };
		BA50447F209311CF00F9CC25 /* RLGVoiceRecordViewController.m */ = {isa = PBXFileReference; lastKnownFileType = sourcecode.c.objc; path = RLGVoiceRecordViewController.m; sourceTree = "<group>"; };
		BA504481209315D400F9CC25 /* RLGVoiceRecordOperateView.h */ = {isa = PBXFileReference; lastKnownFileType = sourcecode.c.h; path = RLGVoiceRecordOperateView.h; sourceTree = "<group>"; };
		BA504482209315D400F9CC25 /* RLGVoiceRecordOperateView.m */ = {isa = PBXFileReference; lastKnownFileType = sourcecode.c.objc; path = RLGVoiceRecordOperateView.m; sourceTree = "<group>"; };
		BA50448420931C3000F9CC25 /* RLGVoiceRecordTable.h */ = {isa = PBXFileReference; lastKnownFileType = sourcecode.c.h; path = RLGVoiceRecordTable.h; sourceTree = "<group>"; };
		BA50448520931C3000F9CC25 /* RLGVoiceRecordTable.m */ = {isa = PBXFileReference; lastKnownFileType = sourcecode.c.objc; path = RLGVoiceRecordTable.m; sourceTree = "<group>"; };
		BA69746720A0381D002BCDA0 /* KYTestConfig.m */ = {isa = PBXFileReference; fileEncoding = 4; lastKnownFileType = sourcecode.c.objc; path = KYTestConfig.m; sourceTree = "<group>"; };
		BA69746820A0381D002BCDA0 /* KYStartEngineConfig.m */ = {isa = PBXFileReference; fileEncoding = 4; lastKnownFileType = sourcecode.c.objc; path = KYStartEngineConfig.m; sourceTree = "<group>"; };
		BA69746920A0381D002BCDA0 /* KYTestEngine.m */ = {isa = PBXFileReference; fileEncoding = 4; lastKnownFileType = sourcecode.c.objc; path = KYTestEngine.m; sourceTree = "<group>"; };
		BA69746A20A0381D002BCDA0 /* KYStartEngineConfig.h */ = {isa = PBXFileReference; fileEncoding = 4; lastKnownFileType = sourcecode.c.h; path = KYStartEngineConfig.h; sourceTree = "<group>"; };
		BA69746B20A0381D002BCDA0 /* KYTestConfig.h */ = {isa = PBXFileReference; fileEncoding = 4; lastKnownFileType = sourcecode.c.h; path = KYTestConfig.h; sourceTree = "<group>"; };
		BA69746C20A0381D002BCDA0 /* KYTestEngine.h */ = {isa = PBXFileReference; fileEncoding = 4; lastKnownFileType = sourcecode.c.h; path = KYTestEngine.h; sourceTree = "<group>"; };
		BA69746E20A0381E002BCDA0 /* KYPlayer.m */ = {isa = PBXFileReference; fileEncoding = 4; lastKnownFileType = sourcecode.c.objc; path = KYPlayer.m; sourceTree = "<group>"; };
		BA69746F20A0381E002BCDA0 /* KYRecorder.h */ = {isa = PBXFileReference; fileEncoding = 4; lastKnownFileType = sourcecode.c.h; path = KYRecorder.h; sourceTree = "<group>"; };
		BA69747020A0381E002BCDA0 /* KYWavHeader.h */ = {isa = PBXFileReference; fileEncoding = 4; lastKnownFileType = sourcecode.c.h; path = KYWavHeader.h; sourceTree = "<group>"; };
		BA69747120A0381E002BCDA0 /* KYPlayer.h */ = {isa = PBXFileReference; fileEncoding = 4; lastKnownFileType = sourcecode.c.h; path = KYPlayer.h; sourceTree = "<group>"; };
		BA69747220A0381E002BCDA0 /* KYRecorder.m */ = {isa = PBXFileReference; fileEncoding = 4; lastKnownFileType = sourcecode.c.objc; path = KYRecorder.m; sourceTree = "<group>"; };
		BA69747420A0381E002BCDA0 /* skegn.provision */ = {isa = PBXFileReference; fileEncoding = 4; lastKnownFileType = text; path = skegn.provision; sourceTree = "<group>"; };
		BA69747520A0381E002BCDA0 /* libskegn-0-ios-1.0.11-20180122114347.a */ = {isa = PBXFileReference; lastKnownFileType = archive.ar; path = "libskegn-0-ios-1.0.11-20180122114347.a"; sourceTree = "<group>"; };
		BA69747620A0381E002BCDA0 /* skegn.h */ = {isa = PBXFileReference; fileEncoding = 4; lastKnownFileType = sourcecode.c.h; path = skegn.h; sourceTree = "<group>"; };
		BA8F1D0A209055BF009B6CDD /* RLGVoiceViewController.h */ = {isa = PBXFileReference; lastKnownFileType = sourcecode.c.h; path = RLGVoiceViewController.h; sourceTree = "<group>"; };
		BA8F1D0B209055BF009B6CDD /* RLGVoiceViewController.m */ = {isa = PBXFileReference; lastKnownFileType = sourcecode.c.objc; path = RLGVoiceViewController.m; sourceTree = "<group>"; };
		BA8F1D0D2090568B009B6CDD /* RLGVoiceTable.h */ = {isa = PBXFileReference; lastKnownFileType = sourcecode.c.h; path = RLGVoiceTable.h; sourceTree = "<group>"; };
		BA8F1D0E2090568B009B6CDD /* RLGVoiceTable.m */ = {isa = PBXFileReference; lastKnownFileType = sourcecode.c.objc; path = RLGVoiceTable.m; sourceTree = "<group>"; };
		BA8F1D102090577C009B6CDD /* RLGVoiceTableCell.h */ = {isa = PBXFileReference; lastKnownFileType = sourcecode.c.h; path = RLGVoiceTableCell.h; sourceTree = "<group>"; };
		BA8F1D112090577C009B6CDD /* RLGVoiceTableCell.m */ = {isa = PBXFileReference; lastKnownFileType = sourcecode.c.objc; path = RLGVoiceTableCell.m; sourceTree = "<group>"; };
		BA8F1D1320905D4D009B6CDD /* RLGVoiceTableHeader.h */ = {isa = PBXFileReference; lastKnownFileType = sourcecode.c.h; path = RLGVoiceTableHeader.h; sourceTree = "<group>"; };
		BA8F1D1420905D4D009B6CDD /* RLGVoiceTableHeader.m */ = {isa = PBXFileReference; lastKnownFileType = sourcecode.c.objc; path = RLGVoiceTableHeader.m; sourceTree = "<group>"; };
		BA8F1D162090601B009B6CDD /* RLGVoiceOperateView.h */ = {isa = PBXFileReference; lastKnownFileType = sourcecode.c.h; path = RLGVoiceOperateView.h; sourceTree = "<group>"; };
		BA8F1D172090601B009B6CDD /* RLGVoiceOperateView.m */ = {isa = PBXFileReference; lastKnownFileType = sourcecode.c.objc; path = RLGVoiceOperateView.m; sourceTree = "<group>"; };
		BA8F1D1C2090787F009B6CDD /* RLGTapTableView.h */ = {isa = PBXFileReference; lastKnownFileType = sourcecode.c.h; path = RLGTapTableView.h; sourceTree = "<group>"; };
		BA8F1D1D2090787F009B6CDD /* RLGTapTableView.m */ = {isa = PBXFileReference; lastKnownFileType = sourcecode.c.objc; path = RLGTapTableView.m; sourceTree = "<group>"; };
		BA8F1D1F2091A907009B6CDD /* RLGSpeechTipView.h */ = {isa = PBXFileReference; lastKnownFileType = sourcecode.c.h; path = RLGSpeechTipView.h; sourceTree = "<group>"; };
		BA8F1D202091A907009B6CDD /* RLGSpeechTipView.m */ = {isa = PBXFileReference; lastKnownFileType = sourcecode.c.objc; path = RLGSpeechTipView.m; sourceTree = "<group>"; };
		BAC35A50208E02420040B251 /* libz.1.tbd */ = {isa = PBXFileReference; lastKnownFileType = "sourcecode.text-based-dylib-definition"; name = libz.1.tbd; path = usr/lib/libz.1.tbd; sourceTree = SDKROOT; };
		BAC35A52208E02520040B251 /* AudioToolbox.framework */ = {isa = PBXFileReference; lastKnownFileType = wrapper.framework; name = AudioToolbox.framework; path = System/Library/Frameworks/AudioToolbox.framework; sourceTree = SDKROOT; };
		BAC35A54208E02660040B251 /* Security.framework */ = {isa = PBXFileReference; lastKnownFileType = wrapper.framework; name = Security.framework; path = System/Library/Frameworks/Security.framework; sourceTree = SDKROOT; };
		BAC35A56208E02740040B251 /* SystemConfiguration.framework */ = {isa = PBXFileReference; lastKnownFileType = wrapper.framework; name = SystemConfiguration.framework; path = System/Library/Frameworks/SystemConfiguration.framework; sourceTree = SDKROOT; };
		BAC35A58208E027E0040B251 /* CFNetwork.framework */ = {isa = PBXFileReference; lastKnownFileType = wrapper.framework; name = CFNetwork.framework; path = System/Library/Frameworks/CFNetwork.framework; sourceTree = SDKROOT; };
		BAC35A5A208E028D0040B251 /* Accelerate.framework */ = {isa = PBXFileReference; lastKnownFileType = wrapper.framework; name = Accelerate.framework; path = System/Library/Frameworks/Accelerate.framework; sourceTree = SDKROOT; };
		BAC35A85208F2B640040B251 /* TestEngineViewController.h */ = {isa = PBXFileReference; lastKnownFileType = sourcecode.c.h; path = TestEngineViewController.h; sourceTree = "<group>"; };
		BAC35A86208F2B640040B251 /* TestEngineViewController.m */ = {isa = PBXFileReference; lastKnownFileType = sourcecode.c.objc; path = TestEngineViewController.m; sourceTree = "<group>"; };
		BAC35A88208F54060040B251 /* TestEngineViewController.xib */ = {isa = PBXFileReference; lastKnownFileType = file.xib; path = TestEngineViewController.xib; sourceTree = "<group>"; };
		BAC9F187208CB04300E2EB0B /* RLGWordViewController.h */ = {isa = PBXFileReference; lastKnownFileType = sourcecode.c.h; path = RLGWordViewController.h; sourceTree = "<group>"; };
		BAC9F188208CB04300E2EB0B /* RLGWordViewController.m */ = {isa = PBXFileReference; lastKnownFileType = sourcecode.c.objc; path = RLGWordViewController.m; sourceTree = "<group>"; };
		BAC9F18A208CB11C00E2EB0B /* RLGWordHeaderView.h */ = {isa = PBXFileReference; lastKnownFileType = sourcecode.c.h; path = RLGWordHeaderView.h; sourceTree = "<group>"; };
		BAC9F18B208CB11C00E2EB0B /* RLGWordHeaderView.m */ = {isa = PBXFileReference; lastKnownFileType = sourcecode.c.objc; path = RLGWordHeaderView.m; sourceTree = "<group>"; };
		BAC9F18D208CB3B200E2EB0B /* RLGWordCell.h */ = {isa = PBXFileReference; lastKnownFileType = sourcecode.c.h; path = RLGWordCell.h; sourceTree = "<group>"; };
		BAC9F18E208CB3B200E2EB0B /* RLGWordCell.m */ = {isa = PBXFileReference; lastKnownFileType = sourcecode.c.objc; path = RLGWordCell.m; sourceTree = "<group>"; };
		BAC9F190208CC39300E2EB0B /* RLGBaseViewController.h */ = {isa = PBXFileReference; lastKnownFileType = sourcecode.c.h; path = RLGBaseViewController.h; sourceTree = "<group>"; };
		BAC9F191208CC39300E2EB0B /* RLGBaseViewController.m */ = {isa = PBXFileReference; lastKnownFileType = sourcecode.c.objc; path = RLGBaseViewController.m; sourceTree = "<group>"; };
		BAD9D8E4209956F9003C0F55 /* RLGKnowledgeFlowLayout.m */ = {isa = PBXFileReference; fileEncoding = 4; lastKnownFileType = sourcecode.c.objc; path = RLGKnowledgeFlowLayout.m; sourceTree = "<group>"; };
		BAD9D8E5209956F9003C0F55 /* RLGKnowledgeFlowLayout.h */ = {isa = PBXFileReference; fileEncoding = 4; lastKnownFileType = sourcecode.c.h; path = RLGKnowledgeFlowLayout.h; sourceTree = "<group>"; };
		BAD9D8E72099592D003C0F55 /* RLGFlowLabelCell.m */ = {isa = PBXFileReference; fileEncoding = 4; lastKnownFileType = sourcecode.c.objc; path = RLGFlowLabelCell.m; sourceTree = "<group>"; };
		BAD9D8E82099592D003C0F55 /* RLGFlowLabelCell.h */ = {isa = PBXFileReference; fileEncoding = 4; lastKnownFileType = sourcecode.c.h; path = RLGFlowLabelCell.h; sourceTree = "<group>"; };
		BAD9D8EA2099A0C7003C0F55 /* RLGVideoDubMainTable.h */ = {isa = PBXFileReference; lastKnownFileType = sourcecode.c.h; path = RLGVideoDubMainTable.h; sourceTree = "<group>"; };
		BAD9D8EB2099A0C7003C0F55 /* RLGVideoDubMainTable.m */ = {isa = PBXFileReference; lastKnownFileType = sourcecode.c.objc; path = RLGVideoDubMainTable.m; sourceTree = "<group>"; };
		BAD9D8ED2099C0FE003C0F55 /* RLGVideoDubOperateView.h */ = {isa = PBXFileReference; lastKnownFileType = sourcecode.c.h; path = RLGVideoDubOperateView.h; sourceTree = "<group>"; };
		BAD9D8EE2099C0FE003C0F55 /* RLGVideoDubOperateView.m */ = {isa = PBXFileReference; lastKnownFileType = sourcecode.c.objc; path = RLGVideoDubOperateView.m; sourceTree = "<group>"; };
		BAD9D8F02099C363003C0F55 /* RLGVideoDubView.h */ = {isa = PBXFileReference; lastKnownFileType = sourcecode.c.h; path = RLGVideoDubView.h; sourceTree = "<group>"; };
		BAD9D8F12099C363003C0F55 /* RLGVideoDubView.m */ = {isa = PBXFileReference; lastKnownFileType = sourcecode.c.objc; path = RLGVideoDubView.m; sourceTree = "<group>"; };
		BAF4639D20888E6B00B386BD /* RLGStudyOperateView.h */ = {isa = PBXFileReference; lastKnownFileType = sourcecode.c.h; path = RLGStudyOperateView.h; sourceTree = "<group>"; };
		BAF4639E20888E6B00B386BD /* RLGStudyOperateView.m */ = {isa = PBXFileReference; lastKnownFileType = sourcecode.c.objc; path = RLGStudyOperateView.m; sourceTree = "<group>"; };
		BAF463A020888F3C00B386BD /* RLGTipButton.h */ = {isa = PBXFileReference; lastKnownFileType = sourcecode.c.h; path = RLGTipButton.h; sourceTree = "<group>"; };
		BAF463A120888F3C00B386BD /* RLGTipButton.m */ = {isa = PBXFileReference; lastKnownFileType = sourcecode.c.objc; path = RLGTipButton.m; sourceTree = "<group>"; };
		BAF463A62088941500B386BD /* RLGTextOperateView.h */ = {isa = PBXFileReference; lastKnownFileType = sourcecode.c.h; path = RLGTextOperateView.h; sourceTree = "<group>"; };
		BAF463A72088941500B386BD /* RLGTextOperateView.m */ = {isa = PBXFileReference; lastKnownFileType = sourcecode.c.objc; path = RLGTextOperateView.m; sourceTree = "<group>"; };
		BAF463A92088BBAC00B386BD /* RLGRecordListView.h */ = {isa = PBXFileReference; lastKnownFileType = sourcecode.c.h; path = RLGRecordListView.h; sourceTree = "<group>"; };
		BAF463AA2088BBAC00B386BD /* RLGRecordListView.m */ = {isa = PBXFileReference; lastKnownFileType = sourcecode.c.objc; path = RLGRecordListView.m; sourceTree = "<group>"; };
		BAF463AC2088BBCC00B386BD /* RLGImportantWordView.h */ = {isa = PBXFileReference; lastKnownFileType = sourcecode.c.h; path = RLGImportantWordView.h; sourceTree = "<group>"; };
		BAF463AD2088BBCC00B386BD /* RLGImportantWordView.m */ = {isa = PBXFileReference; lastKnownFileType = sourcecode.c.objc; path = RLGImportantWordView.m; sourceTree = "<group>"; };
		BAF463AF2089DB1100B386BD /* RLGTouchView.h */ = {isa = PBXFileReference; lastKnownFileType = sourcecode.c.h; path = RLGTouchView.h; sourceTree = "<group>"; };
		BAF463B02089DB1100B386BD /* RLGTouchView.m */ = {isa = PBXFileReference; lastKnownFileType = sourcecode.c.objc; path = RLGTouchView.m; sourceTree = "<group>"; };
		BAF463B22089DFD000B386BD /* RLGPopupMenu.h */ = {isa = PBXFileReference; fileEncoding = 4; lastKnownFileType = sourcecode.c.h; path = RLGPopupMenu.h; sourceTree = "<group>"; };
		BAF463B32089DFD000B386BD /* RLGPopupMenu.m */ = {isa = PBXFileReference; fileEncoding = 4; lastKnownFileType = sourcecode.c.objc; path = RLGPopupMenu.m; sourceTree = "<group>"; };
		BAFBF66D2088282500EC3FCA /* RLGAudioRecorder.h */ = {isa = PBXFileReference; lastKnownFileType = sourcecode.c.h; path = RLGAudioRecorder.h; sourceTree = "<group>"; };
		BAFBF66E2088282500EC3FCA /* RLGAudioRecorder.m */ = {isa = PBXFileReference; lastKnownFileType = sourcecode.c.objc; path = RLGAudioRecorder.m; sourceTree = "<group>"; };
		BAFBF67020884B2000EC3FCA /* RLGWeakTimer.m */ = {isa = PBXFileReference; fileEncoding = 4; lastKnownFileType = sourcecode.c.objc; path = RLGWeakTimer.m; sourceTree = "<group>"; };
		BAFBF67120884B2000EC3FCA /* RLGWeakTimer.h */ = {isa = PBXFileReference; fileEncoding = 4; lastKnownFileType = sourcecode.c.h; path = RLGWeakTimer.h; sourceTree = "<group>"; };
		E81CE2432B3AA7AD439B43D4 /* Pods-LGResStudyDemo.release.xcconfig */ = {isa = PBXFileReference; includeInIndex = 1; lastKnownFileType = text.xcconfig; name = "Pods-LGResStudyDemo.release.xcconfig"; path = "Pods/Target Support Files/Pods-LGResStudyDemo/Pods-LGResStudyDemo.release.xcconfig"; sourceTree = "<group>"; };
/* End PBXFileReference section */

/* Begin PBXFrameworksBuildPhase section */
		BA3B79532084513700C451DA /* Frameworks */ = {
			isa = PBXFrameworksBuildPhase;
			buildActionMask = 2147483647;
			files = (
				BA4A264720946AA300B27D0F /* libz.tbd in Frameworks */,
				BA4A264520946A9B00B27D0F /* libbz2.tbd in Frameworks */,
				BA69747D20A0381E002BCDA0 /* libskegn-0-ios-1.0.11-20180122114347.a in Frameworks */,
				BA4A264320946A9100B27D0F /* libiconv.tbd in Frameworks */,
				BA4A264120946A8600B27D0F /* VideoToolbox.framework in Frameworks */,
				BA4A263F20946A7900B27D0F /* AudioToolbox.framework in Frameworks */,
				BA4A263E20946A6C00B27D0F /* CoreMedia.framework in Frameworks */,
				BAC35A84208F191E0040B251 /* Accelerate.framework in Frameworks */,
				BAC35A83208F18FD0040B251 /* SystemConfiguration.framework in Frameworks */,
				BAC35A51208E02420040B251 /* libz.1.tbd in Frameworks */,
				BA4A263C20946A5600B27D0F /* SGPlayer.framework in Frameworks */,
				3DDEA7CB5850D84A094D9A8B /* Pods_LGResStudyDemo.framework in Frameworks */,
				BA4A263B20946A5600B27D0F /* SGPlatform.framework in Frameworks */,
			);
			runOnlyForDeploymentPostprocessing = 0;
		};
/* End PBXFrameworksBuildPhase section */

/* Begin PBXGroup section */
		7C9EA19583A90836D540EBAE /* Pods */ = {
			isa = PBXGroup;
			children = (
				5248442404FB1B3D9BD6DD7F /* Pods-LGResStudyDemo.debug.xcconfig */,
				E81CE2432B3AA7AD439B43D4 /* Pods-LGResStudyDemo.release.xcconfig */,
			);
			name = Pods;
			sourceTree = "<group>";
		};
		BA3B794D2084513700C451DA = {
			isa = PBXGroup;
			children = (
				BA3B79582084513700C451DA /* LGResStudyDemo */,
				BA3B79572084513700C451DA /* Products */,
				7C9EA19583A90836D540EBAE /* Pods */,
				EFB50D0BC246D8621CB1127E /* Frameworks */,
			);
			sourceTree = "<group>";
		};
		BA3B79572084513700C451DA /* Products */ = {
			isa = PBXGroup;
			children = (
				BA3B79562084513700C451DA /* LGResStudyDemo.app */,
			);
			name = Products;
			sourceTree = "<group>";
		};
		BA3B79582084513700C451DA /* LGResStudyDemo */ = {
			isa = PBXGroup;
			children = (
				BA3B79592084513700C451DA /* AppDelegate.h */,
				BA3B795A2084513700C451DA /* AppDelegate.m */,
				BA3B795C2084513700C451DA /* ViewController.h */,
				BA3B795D2084513800C451DA /* ViewController.m */,
				BAC35A85208F2B640040B251 /* TestEngineViewController.h */,
				BAC35A86208F2B640040B251 /* TestEngineViewController.m */,
				BAC35A88208F54060040B251 /* TestEngineViewController.xib */,
				BA3B795F2084513800C451DA /* Main.storyboard */,
				BA3B79622084513900C451DA /* Assets.xcassets */,
				BA3B79642084513900C451DA /* LaunchScreen.storyboard */,
				BA3B79672084513900C451DA /* Info.plist */,
				BA3B79682084513900C451DA /* main.m */,
				BA3B7970208471E100C451DA /* LGResStudy */,
			);
			path = LGResStudyDemo;
			sourceTree = "<group>";
		};
		BA3B7970208471E100C451DA /* LGResStudy */ = {
			isa = PBXGroup;
			children = (
				BA3B79742084753700C451DA /* LGResStudy.h */,
				BA3B7977208475D200C451DA /* Base */,
				BA3B79BF208596A900C451DA /* Home */,
				BA3B7971208471E100C451DA /* Video */,
				BA3B7972208471E100C451DA /* Voice */,
				BA3B7973208471E100C451DA /* Text */,
				BA3B79752084754A00C451DA /* Utils */,
				BAC35A3A208DFF640040B251 /* Libs */,
				BA3B79782084767E00C451DA /* LGResStudy.bundle */,
			);
			path = LGResStudy;
			sourceTree = SOURCE_ROOT;
		};
		BA3B7971208471E100C451DA /* Video */ = {
			isa = PBXGroup;
			children = (
				BA4A264820946B2F00B27D0F /* Controller */,
				BA4A264A20946B2F00B27D0F /* Model */,
				BA4A264B20946B2F00B27D0F /* Presenter */,
				BA4A264920946B2F00B27D0F /* View */,
			);
			path = Video;
			sourceTree = "<group>";
		};
		BA3B7972208471E100C451DA /* Voice */ = {
			isa = PBXGroup;
			children = (
				BA8F1D0820905587009B6CDD /* Controller */,
				BA8F1D0620905587009B6CDD /* Model */,
				BA8F1D0720905587009B6CDD /* Presenter */,
				BA8F1D0920905587009B6CDD /* View */,
			);
			path = Voice;
			sourceTree = "<group>";
		};
		BA3B7973208471E100C451DA /* Text */ = {
			isa = PBXGroup;
			children = (
				BA3B79D72086F54C00C451DA /* Presenter */,
				BA3B79D32086F41800C451DA /* Model */,
				BA3B79CD2085F16B00C451DA /* View */,
				BA3B79C82085BF5F00C451DA /* Controller */,
			);
			path = Text;
			sourceTree = "<group>";
		};
		BA3B79752084754A00C451DA /* Utils */ = {
			isa = PBXGroup;
			children = (
				BAF463B22089DFD000B386BD /* RLGPopupMenu.h */,
				BAF463B32089DFD000B386BD /* RLGPopupMenu.m */,
				BAFBF67120884B2000EC3FCA /* RLGWeakTimer.h */,
				BAFBF67020884B2000EC3FCA /* RLGWeakTimer.m */,
				BA3B79A62084A48E00C451DA /* RLGCommon.h */,
				BA3B79A72084A48F00C451DA /* RLGCommon.m */,
				BA3B79DE208715ED00C451DA /* RLGVoicePlayer.h */,
				BA3B79DF208715ED00C451DA /* RLGVoicePlayer.m */,
				BAFBF66D2088282500EC3FCA /* RLGAudioRecorder.h */,
				BAFBF66E2088282500EC3FCA /* RLGAudioRecorder.m */,
				BA4A264F2094711600B27D0F /* Segment */,
				BAC35A7B208F13CA0040B251 /* SpeechEngine */,
				BA3B79B32084CC2300C451DA /* ActivityIndicatorView */,
				BA3B7976208475AD00C451DA /* Http */,
			);
			path = Utils;
			sourceTree = "<group>";
		};
		BA3B7976208475AD00C451DA /* Http */ = {
			isa = PBXGroup;
			children = (
				BA3B79A52084A3C300C451DA /* RLGHttpResponseProtocol.h */,
				BA3B79A92084C20E00C451DA /* RLGHttpClient.h */,
				BA3B79AA2084C20E00C451DA /* RLGHttpClient.m */,
				BA3B79AC2084C40800C451DA /* RLGHttpPresenter.h */,
				BA3B79AD2084C40800C451DA /* RLGHttpPresenter.m */,
			);
			path = Http;
			sourceTree = "<group>";
		};
		BA3B7977208475D200C451DA /* Base */ = {
			isa = PBXGroup;
			children = (
				BA3B79CC2085C56400C451DA /* RLGViewTransferProtocol.h */,
				BA3B797A20847D0300C451DA /* RLGResponseModel.h */,
				BA3B797B20847D0300C451DA /* RLGResponseModel.m */,
				BA3B799F2084856700C451DA /* RLGResModel.h */,
				BA3B79A02084856700C451DA /* RLGResModel.m */,
				BA3B79A220849F3C00C451DA /* RLGPresenter.h */,
				BA3B79A320849F3C00C451DA /* RLGPresenter.m */,
				BA3B79C2208599C300C451DA /* RLGConfig.h */,
				BA3B79C3208599C300C451DA /* RLGConfig.m */,
				BAF4639D20888E6B00B386BD /* RLGStudyOperateView.h */,
				BAF4639E20888E6B00B386BD /* RLGStudyOperateView.m */,
				BAF463A020888F3C00B386BD /* RLGTipButton.h */,
				BAF463A120888F3C00B386BD /* RLGTipButton.m */,
				BAF463AF2089DB1100B386BD /* RLGTouchView.h */,
				BAF463B02089DB1100B386BD /* RLGTouchView.m */,
				BAC9F190208CC39300E2EB0B /* RLGBaseViewController.h */,
				BAC9F191208CC39300E2EB0B /* RLGBaseViewController.m */,
			);
			path = Base;
			sourceTree = "<group>";
		};
		BA3B79B32084CC2300C451DA /* ActivityIndicatorView */ = {
			isa = PBXGroup;
			children = (
				BA3B79B42084CC2300C451DA /* RLGActivityIndicatorAnimationProtocol.h */,
				BA3B79B52084CC2300C451DA /* RLGActivityIndicatorView.h */,
				BA3B79B62084CC2300C451DA /* Animations */,
				BA3B79BB2084CC2300C451DA /* RLGActivityIndicatorView.m */,
			);
			path = ActivityIndicatorView;
			sourceTree = "<group>";
		};
		BA3B79B62084CC2300C451DA /* Animations */ = {
			isa = PBXGroup;
			children = (
				BA3B79B72084CC2300C451DA /* RLGActivityIndicatorBallPulseAnimation.h */,
				BA3B79BA2084CC2300C451DA /* RLGActivityIndicatorBallPulseAnimation.m */,
				BA3B79B92084CC2300C451DA /* RLGActivityIndicatorAnimation.h */,
				BA3B79B82084CC2300C451DA /* RLGActivityIndicatorAnimation.m */,
			);
			path = Animations;
			sourceTree = "<group>";
		};
		BA3B79BF208596A900C451DA /* Home */ = {
			isa = PBXGroup;
			children = (
				BA3B79C12085972300C451DA /* Presenter */,
				BA3B79C02085971300C451DA /* Controller */,
			);
			path = Home;
			sourceTree = "<group>";
		};
		BA3B79C02085971300C451DA /* Controller */ = {
			isa = PBXGroup;
			children = (
				BA3B79AF2084C8AC00C451DA /* RLGResStudyViewController.h */,
				BA3B79B02084C8AC00C451DA /* RLGResStudyViewController.m */,
			);
			path = Controller;
			sourceTree = "<group>";
		};
		BA3B79C12085972300C451DA /* Presenter */ = {
			isa = PBXGroup;
			children = (
				BA3B79C52085A51000C451DA /* RLGResStudyPresenter.h */,
				BA3B79C62085A51000C451DA /* RLGResStudyPresenter.m */,
			);
			path = Presenter;
			sourceTree = "<group>";
		};
		BA3B79C82085BF5F00C451DA /* Controller */ = {
			isa = PBXGroup;
			children = (
				BA3B79C92085BFCF00C451DA /* RLGTextViewController.h */,
				BA3B79CA2085BFCF00C451DA /* RLGTextViewController.m */,
				BAC9F187208CB04300E2EB0B /* RLGWordViewController.h */,
				BAC9F188208CB04300E2EB0B /* RLGWordViewController.m */,
			);
			path = Controller;
			sourceTree = "<group>";
		};
		BA3B79CD2085F16B00C451DA /* View */ = {
			isa = PBXGroup;
			children = (
				BA3B79CE2085F1A000C451DA /* RLGTextView.h */,
				BA3B79CF2085F1A000C451DA /* RLGTextView.m */,
				BA3B79DB2087138D00C451DA /* RLGTextWordView.h */,
				BA3B79DC2087138D00C451DA /* RLGTextWordView.m */,
				BAF463A62088941500B386BD /* RLGTextOperateView.h */,
				BAF463A72088941500B386BD /* RLGTextOperateView.m */,
				BAF463A92088BBAC00B386BD /* RLGRecordListView.h */,
				BAF463AA2088BBAC00B386BD /* RLGRecordListView.m */,
				BAF463AC2088BBCC00B386BD /* RLGImportantWordView.h */,
				BAF463AD2088BBCC00B386BD /* RLGImportantWordView.m */,
				BAC9F18A208CB11C00E2EB0B /* RLGWordHeaderView.h */,
				BAC9F18B208CB11C00E2EB0B /* RLGWordHeaderView.m */,
				BAC9F18D208CB3B200E2EB0B /* RLGWordCell.h */,
				BAC9F18E208CB3B200E2EB0B /* RLGWordCell.m */,
			);
			path = View;
			sourceTree = "<group>";
		};
		BA3B79D32086F41800C451DA /* Model */ = {
			isa = PBXGroup;
			children = (
				BA3B79D42086F42200C451DA /* RLGWordModel.h */,
				BA3B79D52086F42300C451DA /* RLGWordModel.m */,
			);
			path = Model;
			sourceTree = "<group>";
		};
		BA3B79D72086F54C00C451DA /* Presenter */ = {
			isa = PBXGroup;
			children = (
				BA3B79D82086F60A00C451DA /* RLGTextPresenter.h */,
				BA3B79D92086F60A00C451DA /* RLGTextPresenter.m */,
			);
			path = Presenter;
			sourceTree = "<group>";
		};
		BA4A261520946A5600B27D0F /* YJPlayerView */ = {
			isa = PBXGroup;
			children = (
				BA4A261620946A5600B27D0F /* Classes */,
				BA4A262B20946A5600B27D0F /* Resources */,
				BA4A262D20946A5600B27D0F /* Frameworks */,
			);
			path = YJPlayerView;
			sourceTree = "<group>";
		};
		BA4A261620946A5600B27D0F /* Classes */ = {
			isa = PBXGroup;
			children = (
				BA4A261820946A5600B27D0F /* YJBasePlayerView.h */,
				BA4A262220946A5600B27D0F /* YJBasePlayerView.m */,
				BA4A262520946A5600B27D0F /* YJPlayerView.h */,
				BA4A261C20946A5600B27D0F /* YJPlayerView.m */,
				BA4A262120946A5600B27D0F /* YJBrightnessView.h */,
				BA4A261920946A5600B27D0F /* YJBrightnessView.m */,
				BA4A261D20946A5600B27D0F /* YJPlayStatus.h */,
				BA4A262420946A5600B27D0F /* YJPlayStatus.m */,
				BA4A261A20946A5600B27D0F /* YJPlayModel.h */,
				BA4A262620946A5600B27D0F /* YJPlayModel.m */,
				BA4A261E20946A5600B27D0F /* YJFooterView.h */,
				BA4A262820946A5600B27D0F /* YJFooterView.m */,
				BA4A262A20946A5600B27D0F /* YJHeaderView.h */,
				BA4A261F20946A5600B27D0F /* YJHeaderView.m */,
				BA4A262920946A5600B27D0F /* UITabBarController+YJPlayerRotation.h */,
				BA4A262020946A5600B27D0F /* UITabBarController+YJPlayerRotation.m */,
				BA4A261720946A5600B27D0F /* UIViewController+YJPlayerRotation.h */,
				BA4A262320946A5600B27D0F /* UIViewController+YJPlayerRotation.m */,
				BA4A261B20946A5600B27D0F /* UINavigationController+YJPlayerRotation.h */,
				BA4A262720946A5600B27D0F /* UINavigationController+YJPlayerRotation.m */,
			);
			path = Classes;
			sourceTree = "<group>";
		};
		BA4A262B20946A5600B27D0F /* Resources */ = {
			isa = PBXGroup;
			children = (
				BA4A262C20946A5600B27D0F /* YJPlayerView.bundle */,
			);
			path = Resources;
			sourceTree = "<group>";
		};
		BA4A262D20946A5600B27D0F /* Frameworks */ = {
			isa = PBXGroup;
			children = (
				BA4A262E20946A5600B27D0F /* SGPlatform.framework */,
				BA4A262F20946A5600B27D0F /* SGPlayer.framework */,
			);
			path = Frameworks;
			sourceTree = "<group>";
		};
		BA4A264820946B2F00B27D0F /* Controller */ = {
			isa = PBXGroup;
			children = (
				BA4A264C20946E6500B27D0F /* RLGVideoViewController.h */,
				BA4A264D20946E6500B27D0F /* RLGVideoViewController.m */,
				BA4A2656209473D900B27D0F /* RLGImportantTextViewController.h */,
				BA4A2657209473D900B27D0F /* RLGImportantTextViewController.m */,
				BA4A26592094740E00B27D0F /* RLGVideoSubtitleViewController.h */,
				BA4A265A2094740E00B27D0F /* RLGVideoSubtitleViewController.m */,
				BA4A265C2094746100B27D0F /* RLGVideoDubMainViewController.h */,
				BA4A265D2094746100B27D0F /* RLGVideoDubMainViewController.m */,
				BA4A265F2094747A00B27D0F /* RLGVideoDubViewController.h */,
				BA4A26602094747A00B27D0F /* RLGVideoDubViewController.m */,
			);
			path = Controller;
			sourceTree = "<group>";
		};
		BA4A264920946B2F00B27D0F /* View */ = {
			isa = PBXGroup;
			children = (
				BAD9D8E82099592D003C0F55 /* RLGFlowLabelCell.h */,
				BAD9D8E72099592D003C0F55 /* RLGFlowLabelCell.m */,
				BAD9D8E5209956F9003C0F55 /* RLGKnowledgeFlowLayout.h */,
				BAD9D8E4209956F9003C0F55 /* RLGKnowledgeFlowLayout.m */,
				BAD9D8EA2099A0C7003C0F55 /* RLGVideoDubMainTable.h */,
				BAD9D8EB2099A0C7003C0F55 /* RLGVideoDubMainTable.m */,
				BAD9D8ED2099C0FE003C0F55 /* RLGVideoDubOperateView.h */,
				BAD9D8EE2099C0FE003C0F55 /* RLGVideoDubOperateView.m */,
				BAD9D8F02099C363003C0F55 /* RLGVideoDubView.h */,
				BAD9D8F12099C363003C0F55 /* RLGVideoDubView.m */,
			);
			path = View;
			sourceTree = "<group>";
		};
		BA4A264A20946B2F00B27D0F /* Model */ = {
			isa = PBXGroup;
			children = (
			);
			path = Model;
			sourceTree = "<group>";
		};
		BA4A264B20946B2F00B27D0F /* Presenter */ = {
			isa = PBXGroup;
			children = (
			);
			path = Presenter;
			sourceTree = "<group>";
		};
		BA4A264F2094711600B27D0F /* Segment */ = {
			isa = PBXGroup;
			children = (
				BA4A26502094712700B27D0F /* YJDynamicSegment.h */,
				BA4A26512094712700B27D0F /* YJDynamicSegment.m */,
				BA4A26522094712700B27D0F /* YJSegmentItem.h */,
				BA4A26532094712700B27D0F /* YJSegmentItem.m */,
			);
			path = Segment;
			sourceTree = "<group>";
		};
		BA50446D2092FB3900F9CC25 /* ShengTong */ = {
			isa = PBXGroup;
			children = (
				BA69746D20A0381E002BCDA0 /* KYAudio */,
				BA69746620A0381D002BCDA0 /* KYEngine */,
				BA69747320A0381E002BCDA0 /* skegn-ios */,
				BA69747620A0381E002BCDA0 /* skegn.h */,
			);
			path = ShengTong;
			sourceTree = "<group>";
		};
		BA69746620A0381D002BCDA0 /* KYEngine */ = {
			isa = PBXGroup;
			children = (
				BA69746720A0381D002BCDA0 /* KYTestConfig.m */,
				BA69746820A0381D002BCDA0 /* KYStartEngineConfig.m */,
				BA69746920A0381D002BCDA0 /* KYTestEngine.m */,
				BA69746A20A0381D002BCDA0 /* KYStartEngineConfig.h */,
				BA69746B20A0381D002BCDA0 /* KYTestConfig.h */,
				BA69746C20A0381D002BCDA0 /* KYTestEngine.h */,
			);
			path = KYEngine;
			sourceTree = "<group>";
		};
		BA69746D20A0381E002BCDA0 /* KYAudio */ = {
			isa = PBXGroup;
			children = (
				BA69746E20A0381E002BCDA0 /* KYPlayer.m */,
				BA69746F20A0381E002BCDA0 /* KYRecorder.h */,
				BA69747020A0381E002BCDA0 /* KYWavHeader.h */,
				BA69747120A0381E002BCDA0 /* KYPlayer.h */,
				BA69747220A0381E002BCDA0 /* KYRecorder.m */,
			);
			path = KYAudio;
			sourceTree = "<group>";
		};
		BA69747320A0381E002BCDA0 /* skegn-ios */ = {
			isa = PBXGroup;
			children = (
				BA69747420A0381E002BCDA0 /* skegn.provision */,
				BA69747520A0381E002BCDA0 /* libskegn-0-ios-1.0.11-20180122114347.a */,
			);
			path = "skegn-ios";
			sourceTree = "<group>";
		};
		BA8F1D0620905587009B6CDD /* Model */ = {
			isa = PBXGroup;
			children = (
			);
			path = Model;
			sourceTree = "<group>";
		};
		BA8F1D0720905587009B6CDD /* Presenter */ = {
			isa = PBXGroup;
			children = (
			);
			path = Presenter;
			sourceTree = "<group>";
		};
		BA8F1D0820905587009B6CDD /* Controller */ = {
			isa = PBXGroup;
			children = (
				BA8F1D0A209055BF009B6CDD /* RLGVoiceViewController.h */,
				BA8F1D0B209055BF009B6CDD /* RLGVoiceViewController.m */,
				BA50447E209311CF00F9CC25 /* RLGVoiceRecordViewController.h */,
				BA50447F209311CF00F9CC25 /* RLGVoiceRecordViewController.m */,
			);
			path = Controller;
			sourceTree = "<group>";
		};
		BA8F1D0920905587009B6CDD /* View */ = {
			isa = PBXGroup;
			children = (
				BA8F1D0D2090568B009B6CDD /* RLGVoiceTable.h */,
				BA8F1D0E2090568B009B6CDD /* RLGVoiceTable.m */,
				BA50448420931C3000F9CC25 /* RLGVoiceRecordTable.h */,
				BA50448520931C3000F9CC25 /* RLGVoiceRecordTable.m */,
				BA8F1D102090577C009B6CDD /* RLGVoiceTableCell.h */,
				BA8F1D112090577C009B6CDD /* RLGVoiceTableCell.m */,
				BA8F1D1320905D4D009B6CDD /* RLGVoiceTableHeader.h */,
				BA8F1D1420905D4D009B6CDD /* RLGVoiceTableHeader.m */,
				BA8F1D162090601B009B6CDD /* RLGVoiceOperateView.h */,
				BA8F1D172090601B009B6CDD /* RLGVoiceOperateView.m */,
				BA504481209315D400F9CC25 /* RLGVoiceRecordOperateView.h */,
				BA504482209315D400F9CC25 /* RLGVoiceRecordOperateView.m */,
				BA8F1D1C2090787F009B6CDD /* RLGTapTableView.h */,
				BA8F1D1D2090787F009B6CDD /* RLGTapTableView.m */,
				BA8F1D1F2091A907009B6CDD /* RLGSpeechTipView.h */,
				BA8F1D202091A907009B6CDD /* RLGSpeechTipView.m */,
			);
			path = View;
			sourceTree = "<group>";
		};
		BAC35A3A208DFF640040B251 /* Libs */ = {
			isa = PBXGroup;
			children = (
				BA4A261520946A5600B27D0F /* YJPlayerView */,
				BA50446D2092FB3900F9CC25 /* ShengTong */,
			);
			path = Libs;
			sourceTree = "<group>";
		};
		BAC35A7B208F13CA0040B251 /* SpeechEngine */ = {
			isa = PBXGroup;
			children = (
				BA50446B2092FB1F00F9CC25 /* RLGSpeechEngine.h */,
				BA50446A2092FB1F00F9CC25 /* RLGSpeechEngine.m */,
			);
			path = SpeechEngine;
			sourceTree = "<group>";
		};
		EFB50D0BC246D8621CB1127E /* Frameworks */ = {
			isa = PBXGroup;
			children = (
				BA4A264620946AA300B27D0F /* libz.tbd */,
				BA4A264420946A9B00B27D0F /* libbz2.tbd */,
				BA4A264220946A9100B27D0F /* libiconv.tbd */,
				BA4A264020946A8600B27D0F /* VideoToolbox.framework */,
				BA4A263D20946A6C00B27D0F /* CoreMedia.framework */,
				BAC35A5A208E028D0040B251 /* Accelerate.framework */,
				BAC35A58208E027E0040B251 /* CFNetwork.framework */,
				BAC35A56208E02740040B251 /* SystemConfiguration.framework */,
				BAC35A54208E02660040B251 /* Security.framework */,
				BAC35A52208E02520040B251 /* AudioToolbox.framework */,
				BAC35A50208E02420040B251 /* libz.1.tbd */,
				6372146B7DD222326AE223EF /* Pods_LGResStudyDemo.framework */,
			);
			name = Frameworks;
			sourceTree = "<group>";
		};
/* End PBXGroup section */

/* Begin PBXNativeTarget section */
		BA3B79552084513700C451DA /* LGResStudyDemo */ = {
			isa = PBXNativeTarget;
			buildConfigurationList = BA3B796C2084513900C451DA /* Build configuration list for PBXNativeTarget "LGResStudyDemo" */;
			buildPhases = (
				E50B4DB12D20E8439DEF53D5 /* [CP] Check Pods Manifest.lock */,
				BA3B79522084513700C451DA /* Sources */,
				BA3B79532084513700C451DA /* Frameworks */,
				BA3B79542084513700C451DA /* Resources */,
				2777067692C90ABE035A68A2 /* [CP] Embed Pods Frameworks */,
			);
			buildRules = (
			);
			dependencies = (
			);
			name = LGResStudyDemo;
			productName = LGResStudyDemo;
			productReference = BA3B79562084513700C451DA /* LGResStudyDemo.app */;
			productType = "com.apple.product-type.application";
		};
/* End PBXNativeTarget section */

/* Begin PBXProject section */
		BA3B794E2084513700C451DA /* Project object */ = {
			isa = PBXProject;
			attributes = {
				LastUpgradeCheck = 0930;
				ORGANIZATIONNAME = "刘亚军";
				TargetAttributes = {
					BA3B79552084513700C451DA = {
						CreatedOnToolsVersion = 9.3;
					};
				};
			};
			buildConfigurationList = BA3B79512084513700C451DA /* Build configuration list for PBXProject "LGResStudyDemo" */;
			compatibilityVersion = "Xcode 9.3";
			developmentRegion = en;
			hasScannedForEncodings = 0;
			knownRegions = (
				en,
				Base,
			);
			mainGroup = BA3B794D2084513700C451DA;
			productRefGroup = BA3B79572084513700C451DA /* Products */;
			projectDirPath = "";
			projectRoot = "";
			targets = (
				BA3B79552084513700C451DA /* LGResStudyDemo */,
			);
		};
/* End PBXProject section */

/* Begin PBXResourcesBuildPhase section */
		BA3B79542084513700C451DA /* Resources */ = {
			isa = PBXResourcesBuildPhase;
			buildActionMask = 2147483647;
			files = (
				BA3B79662084513900C451DA /* LaunchScreen.storyboard in Resources */,
				BA3B79632084513900C451DA /* Assets.xcassets in Resources */,
				BA69747C20A0381E002BCDA0 /* skegn.provision in Resources */,
				BA3B79612084513800C451DA /* Main.storyboard in Resources */,
				BAC35A89208F54060040B251 /* TestEngineViewController.xib in Resources */,
				BA4A263A20946A5600B27D0F /* YJPlayerView.bundle in Resources */,
				BA3B79792084767E00C451DA /* LGResStudy.bundle in Resources */,
			);
			runOnlyForDeploymentPostprocessing = 0;
		};
/* End PBXResourcesBuildPhase section */

/* Begin PBXShellScriptBuildPhase section */
		2777067692C90ABE035A68A2 /* [CP] Embed Pods Frameworks */ = {
			isa = PBXShellScriptBuildPhase;
			buildActionMask = 2147483647;
			files = (
			);
			inputPaths = (
				"${SRCROOT}/Pods/Target Support Files/Pods-LGResStudyDemo/Pods-LGResStudyDemo-frameworks.sh",
				"${BUILT_PRODUCTS_DIR}/LGAlertUtil/LGAlertUtil.framework",
				"${BUILT_PRODUCTS_DIR}/LGDic/LGDic.framework",
				"${BUILT_PRODUCTS_DIR}/MJExtension/MJExtension.framework",
				"${BUILT_PRODUCTS_DIR}/Masonry/Masonry.framework",
			);
			name = "[CP] Embed Pods Frameworks";
			outputPaths = (
				"${TARGET_BUILD_DIR}/${FRAMEWORKS_FOLDER_PATH}/LGAlertUtil.framework",
				"${TARGET_BUILD_DIR}/${FRAMEWORKS_FOLDER_PATH}/LGDic.framework",
				"${TARGET_BUILD_DIR}/${FRAMEWORKS_FOLDER_PATH}/MJExtension.framework",
				"${TARGET_BUILD_DIR}/${FRAMEWORKS_FOLDER_PATH}/Masonry.framework",
			);
			runOnlyForDeploymentPostprocessing = 0;
			shellPath = /bin/sh;
			shellScript = "\"${SRCROOT}/Pods/Target Support Files/Pods-LGResStudyDemo/Pods-LGResStudyDemo-frameworks.sh\"\n";
			showEnvVarsInLog = 0;
		};
		E50B4DB12D20E8439DEF53D5 /* [CP] Check Pods Manifest.lock */ = {
			isa = PBXShellScriptBuildPhase;
			buildActionMask = 2147483647;
			files = (
			);
			inputPaths = (
				"${PODS_PODFILE_DIR_PATH}/Podfile.lock",
				"${PODS_ROOT}/Manifest.lock",
			);
			name = "[CP] Check Pods Manifest.lock";
			outputPaths = (
				"$(DERIVED_FILE_DIR)/Pods-LGResStudyDemo-checkManifestLockResult.txt",
			);
			runOnlyForDeploymentPostprocessing = 0;
			shellPath = /bin/sh;
			shellScript = "diff \"${PODS_PODFILE_DIR_PATH}/Podfile.lock\" \"${PODS_ROOT}/Manifest.lock\" > /dev/null\nif [ $? != 0 ] ; then\n    # print error to STDERR\n    echo \"error: The sandbox is not in sync with the Podfile.lock. Run 'pod install' or update your CocoaPods installation.\" >&2\n    exit 1\nfi\n# This output is used by Xcode 'outputs' to avoid re-running this script phase.\necho \"SUCCESS\" > \"${SCRIPT_OUTPUT_FILE_0}\"\n";
			showEnvVarsInLog = 0;
		};
/* End PBXShellScriptBuildPhase section */

/* Begin PBXSourcesBuildPhase section */
		BA3B79522084513700C451DA /* Sources */ = {
			isa = PBXSourcesBuildPhase;
			buildActionMask = 2147483647;
			files = (
				BA69747820A0381E002BCDA0 /* KYStartEngineConfig.m in Sources */,
				BA4A265B2094740E00B27D0F /* RLGVideoSubtitleViewController.m in Sources */,
				BAD9D8EF2099C0FE003C0F55 /* RLGVideoDubOperateView.m in Sources */,
				BA8F1D1520905D4D009B6CDD /* RLGVoiceTableHeader.m in Sources */,
				BA504480209311CF00F9CC25 /* RLGVoiceRecordViewController.m in Sources */,
				BA3B79AB2084C20E00C451DA /* RLGHttpClient.m in Sources */,
				BA4A2658209473D900B27D0F /* RLGImportantTextViewController.m in Sources */,
				BA4A26612094747A00B27D0F /* RLGVideoDubViewController.m in Sources */,
				BA4A263620946A5600B27D0F /* YJPlayStatus.m in Sources */,
				BA3B79C4208599C300C451DA /* RLGConfig.m in Sources */,
				BA69747720A0381E002BCDA0 /* KYTestConfig.m in Sources */,
				BA8F1D122090577C009B6CDD /* RLGVoiceTableCell.m in Sources */,
				BA8F1D212091A907009B6CDD /* RLGSpeechTipView.m in Sources */,
				BAFBF67220884B2100EC3FCA /* RLGWeakTimer.m in Sources */,
				BA8F1D1E2090787F009B6CDD /* RLGTapTableView.m in Sources */,
				BAF463A220888F3C00B386BD /* RLGTipButton.m in Sources */,
				BA3B795E2084513800C451DA /* ViewController.m in Sources */,
				BA4A263520946A5600B27D0F /* UIViewController+YJPlayerRotation.m in Sources */,
				BA4A263120946A5600B27D0F /* YJPlayerView.m in Sources */,
				BA8F1D0F2090568B009B6CDD /* RLGVoiceTable.m in Sources */,
				BA3B79D02085F1A000C451DA /* RLGTextView.m in Sources */,
				BAC35A87208F2B640040B251 /* TestEngineViewController.m in Sources */,
				BA69747A20A0381E002BCDA0 /* KYPlayer.m in Sources */,
				BA3B79B12084C8AC00C451DA /* RLGResStudyViewController.m in Sources */,
				BA4A263320946A5600B27D0F /* UITabBarController+YJPlayerRotation.m in Sources */,
				BA4A26542094712700B27D0F /* YJDynamicSegment.m in Sources */,
				BA3B79692084513900C451DA /* main.m in Sources */,
				BA3B795B2084513700C451DA /* AppDelegate.m in Sources */,
				BA50446C2092FB1F00F9CC25 /* RLGSpeechEngine.m in Sources */,
				BA3B79AE2084C40800C451DA /* RLGHttpPresenter.m in Sources */,
				BA504483209315D400F9CC25 /* RLGVoiceRecordOperateView.m in Sources */,
				BAF463A82088941500B386BD /* RLGTextOperateView.m in Sources */,
				BA4A263720946A5600B27D0F /* YJPlayModel.m in Sources */,
				BAF463AE2088BBCC00B386BD /* RLGImportantWordView.m in Sources */,
				BAC9F18F208CB3B200E2EB0B /* RLGWordCell.m in Sources */,
				BAC9F189208CB04300E2EB0B /* RLGWordViewController.m in Sources */,
				BA4A264E20946E6500B27D0F /* RLGVideoViewController.m in Sources */,
				BA4A263820946A5600B27D0F /* UINavigationController+YJPlayerRotation.m in Sources */,
				BA3B79DA2086F60A00C451DA /* RLGTextPresenter.m in Sources */,
				BA3B79A420849F3C00C451DA /* RLGPresenter.m in Sources */,
				BA4A263020946A5600B27D0F /* YJBrightnessView.m in Sources */,
				BAD9D8E92099592D003C0F55 /* RLGFlowLabelCell.m in Sources */,
				BA3B79BC2084CC2300C451DA /* RLGActivityIndicatorAnimation.m in Sources */,
				BA3B79A12084856700C451DA /* RLGResModel.m in Sources */,
				BA69747920A0381E002BCDA0 /* KYTestEngine.m in Sources */,
				BA3B79C72085A51000C451DA /* RLGResStudyPresenter.m in Sources */,
				BAD9D8E6209956F9003C0F55 /* RLGKnowledgeFlowLayout.m in Sources */,
				BA4A263220946A5600B27D0F /* YJHeaderView.m in Sources */,
				BA8F1D0C209055BF009B6CDD /* RLGVoiceViewController.m in Sources */,
				BA3B79CB2085BFCF00C451DA /* RLGTextViewController.m in Sources */,
				BAD9D8F22099C363003C0F55 /* RLGVideoDubView.m in Sources */,
				BAC9F18C208CB11C00E2EB0B /* RLGWordHeaderView.m in Sources */,
				BAFBF66F2088282500EC3FCA /* RLGAudioRecorder.m in Sources */,
				BA50448620931C3000F9CC25 /* RLGVoiceRecordTable.m in Sources */,
				BA3B79A82084A48F00C451DA /* RLGCommon.m in Sources */,
				BAF4639F20888E6B00B386BD /* RLGStudyOperateView.m in Sources */,
				BAF463AB2088BBAC00B386BD /* RLGRecordListView.m in Sources */,
				BA3B797C20847D0300C451DA /* RLGResponseModel.m in Sources */,
				BA3B79BD2084CC2300C451DA /* RLGActivityIndicatorBallPulseAnimation.m in Sources */,
				BAF463B42089DFD000B386BD /* RLGPopupMenu.m in Sources */,
				BA4A265E2094746100B27D0F /* RLGVideoDubMainViewController.m in Sources */,
				BA3B79DD2087138D00C451DA /* RLGTextWordView.m in Sources */,
				BA8F1D182090601B009B6CDD /* RLGVoiceOperateView.m in Sources */,
				BAC9F192208CC39300E2EB0B /* RLGBaseViewController.m in Sources */,
				BA3B79BE2084CC2300C451DA /* RLGActivityIndicatorView.m in Sources */,
				BAF463B12089DB1100B386BD /* RLGTouchView.m in Sources */,
				BA3B79D62086F42300C451DA /* RLGWordModel.m in Sources */,
				BA4A26552094712700B27D0F /* YJSegmentItem.m in Sources */,
				BA3B79E0208715ED00C451DA /* RLGVoicePlayer.m in Sources */,
				BA69747B20A0381E002BCDA0 /* KYRecorder.m in Sources */,
				BAD9D8EC2099A0C7003C0F55 /* RLGVideoDubMainTable.m in Sources */,
				BA4A263920946A5600B27D0F /* YJFooterView.m in Sources */,
				BA4A263420946A5600B27D0F /* YJBasePlayerView.m in Sources */,
			);
			runOnlyForDeploymentPostprocessing = 0;
		};
/* End PBXSourcesBuildPhase section */

/* Begin PBXVariantGroup section */
		BA3B795F2084513800C451DA /* Main.storyboard */ = {
			isa = PBXVariantGroup;
			children = (
				BA3B79602084513800C451DA /* Base */,
			);
			name = Main.storyboard;
			sourceTree = "<group>";
		};
		BA3B79642084513900C451DA /* LaunchScreen.storyboard */ = {
			isa = PBXVariantGroup;
			children = (
				BA3B79652084513900C451DA /* Base */,
			);
			name = LaunchScreen.storyboard;
			sourceTree = "<group>";
		};
/* End PBXVariantGroup section */

/* Begin XCBuildConfiguration section */
		BA3B796A2084513900C451DA /* Debug */ = {
			isa = XCBuildConfiguration;
			buildSettings = {
				ALWAYS_SEARCH_USER_PATHS = NO;
				CLANG_ANALYZER_NONNULL = YES;
				CLANG_ANALYZER_NUMBER_OBJECT_CONVERSION = YES_AGGRESSIVE;
				CLANG_CXX_LANGUAGE_STANDARD = "gnu++14";
				CLANG_CXX_LIBRARY = "libc++";
				CLANG_ENABLE_MODULES = YES;
				CLANG_ENABLE_OBJC_ARC = YES;
				CLANG_ENABLE_OBJC_WEAK = YES;
				CLANG_WARN_BLOCK_CAPTURE_AUTORELEASING = YES;
				CLANG_WARN_BOOL_CONVERSION = YES;
				CLANG_WARN_COMMA = YES;
				CLANG_WARN_CONSTANT_CONVERSION = YES;
				CLANG_WARN_DEPRECATED_OBJC_IMPLEMENTATIONS = YES;
				CLANG_WARN_DIRECT_OBJC_ISA_USAGE = YES_ERROR;
				CLANG_WARN_DOCUMENTATION_COMMENTS = YES;
				CLANG_WARN_EMPTY_BODY = YES;
				CLANG_WARN_ENUM_CONVERSION = YES;
				CLANG_WARN_INFINITE_RECURSION = YES;
				CLANG_WARN_INT_CONVERSION = YES;
				CLANG_WARN_NON_LITERAL_NULL_CONVERSION = YES;
				CLANG_WARN_OBJC_IMPLICIT_RETAIN_SELF = YES;
				CLANG_WARN_OBJC_LITERAL_CONVERSION = YES;
				CLANG_WARN_OBJC_ROOT_CLASS = YES_ERROR;
				CLANG_WARN_RANGE_LOOP_ANALYSIS = YES;
				CLANG_WARN_STRICT_PROTOTYPES = YES;
				CLANG_WARN_SUSPICIOUS_MOVE = YES;
				CLANG_WARN_UNGUARDED_AVAILABILITY = YES_AGGRESSIVE;
				CLANG_WARN_UNREACHABLE_CODE = YES;
				CLANG_WARN__DUPLICATE_METHOD_MATCH = YES;
				CODE_SIGN_IDENTITY = "iPhone Developer";
				COPY_PHASE_STRIP = NO;
				DEBUG_INFORMATION_FORMAT = dwarf;
				ENABLE_STRICT_OBJC_MSGSEND = YES;
				ENABLE_TESTABILITY = YES;
				GCC_C_LANGUAGE_STANDARD = gnu11;
				GCC_DYNAMIC_NO_PIC = NO;
				GCC_NO_COMMON_BLOCKS = YES;
				GCC_OPTIMIZATION_LEVEL = 0;
				GCC_PREPROCESSOR_DEFINITIONS = (
					"DEBUG=1",
					"$(inherited)",
				);
				GCC_WARN_64_TO_32_BIT_CONVERSION = YES;
				GCC_WARN_ABOUT_RETURN_TYPE = YES_ERROR;
				GCC_WARN_UNDECLARED_SELECTOR = YES;
				GCC_WARN_UNINITIALIZED_AUTOS = YES_AGGRESSIVE;
				GCC_WARN_UNUSED_FUNCTION = YES;
				GCC_WARN_UNUSED_VARIABLE = YES;
				IPHONEOS_DEPLOYMENT_TARGET = 11.3;
				MTL_ENABLE_DEBUG_INFO = YES;
				ONLY_ACTIVE_ARCH = YES;
				SDKROOT = iphoneos;
			};
			name = Debug;
		};
		BA3B796B2084513900C451DA /* Release */ = {
			isa = XCBuildConfiguration;
			buildSettings = {
				ALWAYS_SEARCH_USER_PATHS = NO;
				CLANG_ANALYZER_NONNULL = YES;
				CLANG_ANALYZER_NUMBER_OBJECT_CONVERSION = YES_AGGRESSIVE;
				CLANG_CXX_LANGUAGE_STANDARD = "gnu++14";
				CLANG_CXX_LIBRARY = "libc++";
				CLANG_ENABLE_MODULES = YES;
				CLANG_ENABLE_OBJC_ARC = YES;
				CLANG_ENABLE_OBJC_WEAK = YES;
				CLANG_WARN_BLOCK_CAPTURE_AUTORELEASING = YES;
				CLANG_WARN_BOOL_CONVERSION = YES;
				CLANG_WARN_COMMA = YES;
				CLANG_WARN_CONSTANT_CONVERSION = YES;
				CLANG_WARN_DEPRECATED_OBJC_IMPLEMENTATIONS = YES;
				CLANG_WARN_DIRECT_OBJC_ISA_USAGE = YES_ERROR;
				CLANG_WARN_DOCUMENTATION_COMMENTS = YES;
				CLANG_WARN_EMPTY_BODY = YES;
				CLANG_WARN_ENUM_CONVERSION = YES;
				CLANG_WARN_INFINITE_RECURSION = YES;
				CLANG_WARN_INT_CONVERSION = YES;
				CLANG_WARN_NON_LITERAL_NULL_CONVERSION = YES;
				CLANG_WARN_OBJC_IMPLICIT_RETAIN_SELF = YES;
				CLANG_WARN_OBJC_LITERAL_CONVERSION = YES;
				CLANG_WARN_OBJC_ROOT_CLASS = YES_ERROR;
				CLANG_WARN_RANGE_LOOP_ANALYSIS = YES;
				CLANG_WARN_STRICT_PROTOTYPES = YES;
				CLANG_WARN_SUSPICIOUS_MOVE = YES;
				CLANG_WARN_UNGUARDED_AVAILABILITY = YES_AGGRESSIVE;
				CLANG_WARN_UNREACHABLE_CODE = YES;
				CLANG_WARN__DUPLICATE_METHOD_MATCH = YES;
				CODE_SIGN_IDENTITY = "iPhone Developer";
				COPY_PHASE_STRIP = NO;
				DEBUG_INFORMATION_FORMAT = "dwarf-with-dsym";
				ENABLE_NS_ASSERTIONS = NO;
				ENABLE_STRICT_OBJC_MSGSEND = YES;
				GCC_C_LANGUAGE_STANDARD = gnu11;
				GCC_NO_COMMON_BLOCKS = YES;
				GCC_WARN_64_TO_32_BIT_CONVERSION = YES;
				GCC_WARN_ABOUT_RETURN_TYPE = YES_ERROR;
				GCC_WARN_UNDECLARED_SELECTOR = YES;
				GCC_WARN_UNINITIALIZED_AUTOS = YES_AGGRESSIVE;
				GCC_WARN_UNUSED_FUNCTION = YES;
				GCC_WARN_UNUSED_VARIABLE = YES;
				IPHONEOS_DEPLOYMENT_TARGET = 11.3;
				MTL_ENABLE_DEBUG_INFO = NO;
				SDKROOT = iphoneos;
				VALIDATE_PRODUCT = YES;
			};
			name = Release;
		};
		BA3B796D2084513900C451DA /* Debug */ = {
			isa = XCBuildConfiguration;
			baseConfigurationReference = 5248442404FB1B3D9BD6DD7F /* Pods-LGResStudyDemo.debug.xcconfig */;
			buildSettings = {
				ASSETCATALOG_COMPILER_APPICON_NAME = AppIcon;
				CODE_SIGN_STYLE = Automatic;
				DEVELOPMENT_TEAM = Z35S33J39R;
				FRAMEWORK_SEARCH_PATHS = (
					"$(inherited)",
					"$(PROJECT_DIR)/LGResStudy/Libs/VideoLib",
					"$(PROJECT_DIR)/LGResStudy/Libs/YJPlayerView/Frameworks",
				);
				INFOPLIST_FILE = LGResStudyDemo/Info.plist;
				IPHONEOS_DEPLOYMENT_TARGET = 9.0;
				LD_RUNPATH_SEARCH_PATHS = (
					"$(inherited)",
					"@executable_path/Frameworks",
				);
				LIBRARY_SEARCH_PATHS = (
					"$(inherited)",
					"$(PROJECT_DIR)/LGResStudy/Libs/ShengTong",
					"$(PROJECT_DIR)/LGResStudy/Libs/ShengTong/skegn-ios",
					"$(PROJECT_DIR)/LGResStudy/Libs/kouyu/skegn-ios",
				);
				PRODUCT_BUNDLE_IDENTIFIER = com.lancoo.LGResStudyDemo;
				PRODUCT_NAME = "$(TARGET_NAME)";
				TARGETED_DEVICE_FAMILY = 1;
			};
			name = Debug;
		};
		BA3B796E2084513900C451DA /* Release */ = {
			isa = XCBuildConfiguration;
			baseConfigurationReference = E81CE2432B3AA7AD439B43D4 /* Pods-LGResStudyDemo.release.xcconfig */;
			buildSettings = {
				ASSETCATALOG_COMPILER_APPICON_NAME = AppIcon;
				CODE_SIGN_STYLE = Automatic;
				DEVELOPMENT_TEAM = Z35S33J39R;
				FRAMEWORK_SEARCH_PATHS = (
					"$(inherited)",
					"$(PROJECT_DIR)/LGResStudy/Libs/VideoLib",
					"$(PROJECT_DIR)/LGResStudy/Libs/YJPlayerView/Frameworks",
				);
				INFOPLIST_FILE = LGResStudyDemo/Info.plist;
				IPHONEOS_DEPLOYMENT_TARGET = 9.0;
				LD_RUNPATH_SEARCH_PATHS = (
					"$(inherited)",
					"@executable_path/Frameworks",
				);
				LIBRARY_SEARCH_PATHS = (
					"$(inherited)",
					"$(PROJECT_DIR)/LGResStudy/Libs/ShengTong",
					"$(PROJECT_DIR)/LGResStudy/Libs/ShengTong/skegn-ios",
					"$(PROJECT_DIR)/LGResStudy/Libs/kouyu/skegn-ios",
				);
				PRODUCT_BUNDLE_IDENTIFIER = com.lancoo.LGResStudyDemo;
				PRODUCT_NAME = "$(TARGET_NAME)";
				TARGETED_DEVICE_FAMILY = 1;
			};
			name = Release;
		};
/* End XCBuildConfiguration section */

/* Begin XCConfigurationList section */
		BA3B79512084513700C451DA /* Build configuration list for PBXProject "LGResStudyDemo" */ = {
			isa = XCConfigurationList;
			buildConfigurations = (
				BA3B796A2084513900C451DA /* Debug */,
				BA3B796B2084513900C451DA /* Release */,
			);
			defaultConfigurationIsVisible = 0;
			defaultConfigurationName = Release;
		};
		BA3B796C2084513900C451DA /* Build configuration list for PBXNativeTarget "LGResStudyDemo" */ = {
			isa = XCConfigurationList;
			buildConfigurations = (
				BA3B796D2084513900C451DA /* Debug */,
				BA3B796E2084513900C451DA /* Release */,
			);
			defaultConfigurationIsVisible = 0;
			defaultConfigurationName = Release;
		};
/* End XCConfigurationList section */
	};
	rootObject = BA3B794E2084513700C451DA /* Project object */;
}
